// !$*UTF8*$!
{
	archiveVersion = 1;
	classes = {
	};
	objectVersion = 46;
	objects = {

/* Begin PBXBuildFile section */
		1D3623260D0F684500981E51 /* AddressBookAppDelegate.m in Sources */ = {isa = PBXBuildFile; fileRef = 1D3623250D0F684500981E51 /* AddressBookAppDelegate.m */; };
		1D60589B0D05DD56006BFB54 /* main.m in Sources */ = {isa = PBXBuildFile; fileRef = 29B97316FDCFA39411CA2CEA /* main.m */; };
		1D60589F0D05DD5A006BFB54 /* Foundation.framework in Frameworks */ = {isa = PBXBuildFile; fileRef = 1D30AB110D05D00D00671497 /* Foundation.framework */; };
		1DF5F4E00D08C38300B7A737 /* UIKit.framework in Frameworks */ = {isa = PBXBuildFile; fileRef = 1DF5F4DF0D08C38300B7A737 /* UIKit.framework */; };
		2104CF8914238ECF0004FB9A /* ContactCell.m in Sources */ = {isa = PBXBuildFile; fileRef = 2104CF8814238ECF0004FB9A /* ContactCell.m */; };
		2104CFC11423929C0004FB9A /* arrow.png in Resources */ = {isa = PBXBuildFile; fileRef = 2104CFC01423929C0004FB9A /* arrow.png */; };
		2106B7FD142E169800F9DD6C /* TagVC.m in Sources */ = {isa = PBXBuildFile; fileRef = 2106B7FC142E169800F9DD6C /* TagVC.m */; };
		2106B801142E16FF00F9DD6C /* TagVC.xib in Resources */ = {isa = PBXBuildFile; fileRef = 2106B800142E16FF00F9DD6C /* TagVC.xib */; };
		2106B881142E252800F9DD6C /* CAttributeBlood.m in Sources */ = {isa = PBXBuildFile; fileRef = 2106B880142E252800F9DD6C /* CAttributeBlood.m */; };
		210876291424C3A400159CC2 /* ModalAlert.m in Sources */ = {isa = PBXBuildFile; fileRef = 210876281424C3A400159CC2 /* ModalAlert.m */; };
		210876DC1424D71000159CC2 /* EventKit.framework in Frameworks */ = {isa = PBXBuildFile; fileRef = 210876DB1424D71000159CC2 /* EventKit.framework */; };
		210876DE1424D71000159CC2 /* EventKitUI.framework in Frameworks */ = {isa = PBXBuildFile; fileRef = 210876DD1424D71000159CC2 /* EventKitUI.framework */; };
		210878361424F34B00159CC2 /* head_big.png in Resources */ = {isa = PBXBuildFile; fileRef = 210878341424F34B00159CC2 /* head_big.png */; };
		210878371424F34B00159CC2 /* head.png in Resources */ = {isa = PBXBuildFile; fileRef = 210878351424F34B00159CC2 /* head.png */; };
		210F641C14092C8600ABC90F /* FtpUpLoad.m in Sources */ = {isa = PBXBuildFile; fileRef = 210F641B14092C8600ABC90F /* FtpUpLoad.m */; };
		211A09D913F57F8B001CDC70 /* AddressSeniorInfoVC.m in Sources */ = {isa = PBXBuildFile; fileRef = 211A09D813F57F8B001CDC70 /* AddressSeniorInfoVC.m */; };
		211A09DD13F57FD0001CDC70 /* AddressSeniorInfoVC.xib in Resources */ = {isa = PBXBuildFile; fileRef = 211A09DC13F57FD0001CDC70 /* AddressSeniorInfoVC.xib */; };
		211BFDB1141F9B10009C1EA5 /* pinyin.c in Sources */ = {isa = PBXBuildFile; fileRef = 211BFDAF141F9B10009C1EA5 /* pinyin.c */; };
		211BFDEE141FA06F009C1EA5 /* ABContact.m in Sources */ = {isa = PBXBuildFile; fileRef = 211BFDE7141FA06F009C1EA5 /* ABContact.m */; };
		211BFDEF141FA06F009C1EA5 /* ABContactsHelper.m in Sources */ = {isa = PBXBuildFile; fileRef = 211BFDE9141FA06F009C1EA5 /* ABContactsHelper.m */; };
		211BFDF0141FA06F009C1EA5 /* ABGroup.m in Sources */ = {isa = PBXBuildFile; fileRef = 211BFDEB141FA06F009C1EA5 /* ABGroup.m */; };
		211BFDF1141FA06F009C1EA5 /* ContactData.m in Sources */ = {isa = PBXBuildFile; fileRef = 211BFDED141FA06F009C1EA5 /* ContactData.m */; };
		211DC5C714409DF2002FDAF4 /* checkDateButton.m in Sources */ = {isa = PBXBuildFile; fileRef = 211DC5C614409DF2002FDAF4 /* checkDateButton.m */; };
		212B47C414258D3B00DE4938 /* CustomPicker.m in Sources */ = {isa = PBXBuildFile; fileRef = 212B47C314258D3B00DE4938 /* CustomPicker.m */; };
		2158386E1438B61B0034356B /* CAttributeConstellation.m in Sources */ = {isa = PBXBuildFile; fileRef = 2158386D1438B61B0034356B /* CAttributeConstellation.m */; };
		216525F913E52F8F0075F387 /* AddressPreInfoVC.m in Sources */ = {isa = PBXBuildFile; fileRef = 216525F813E52F8F0075F387 /* AddressPreInfoVC.m */; };
		216525FC13E52FA30075F387 /* AddressBaseInfoVC.m in Sources */ = {isa = PBXBuildFile; fileRef = 216525FB13E52FA30075F387 /* AddressBaseInfoVC.m */; };
		2165260E13E531BA0075F387 /* AddressPreInfoVC.xib in Resources */ = {isa = PBXBuildFile; fileRef = 2165260D13E531BA0075F387 /* AddressPreInfoVC.xib */; };
		2165261013E531D10075F387 /* AddressBaseInfoVC.xib in Resources */ = {isa = PBXBuildFile; fileRef = 2165260F13E531D10075F387 /* AddressBaseInfoVC.xib */; };
		216F72E21439D05100174368 /* TagCell.m in Sources */ = {isa = PBXBuildFile; fileRef = 216F72E11439D05100174368 /* TagCell.m */; };
		216F73101439D1C500174368 /* CAttributeRelate.m in Sources */ = {isa = PBXBuildFile; fileRef = 216F730F1439D1C500174368 /* CAttributeRelate.m */; };
		2176A7EF13E5705700944254 /* ImageStore.m in Sources */ = {isa = PBXBuildFile; fileRef = 2176A7EE13E5705700944254 /* ImageStore.m */; };
		2176A7F213E5708500944254 /* DataStore.m in Sources */ = {isa = PBXBuildFile; fileRef = 2176A7F113E5708500944254 /* DataStore.m */; };
		21873900141B6C52007D64B4 /* bottom_icon_contacts.png in Resources */ = {isa = PBXBuildFile; fileRef = 218738FB141B6C52007D64B4 /* bottom_icon_contacts.png */; };
		21873901141B6C52007D64B4 /* bottom_icon_memo.png in Resources */ = {isa = PBXBuildFile; fileRef = 218738FC141B6C52007D64B4 /* bottom_icon_memo.png */; };
		21873902141B6C52007D64B4 /* bottom_icon_more.png in Resources */ = {isa = PBXBuildFile; fileRef = 218738FD141B6C52007D64B4 /* bottom_icon_more.png */; };
		21873903141B6C52007D64B4 /* bottom_icon_statistics.png in Resources */ = {isa = PBXBuildFile; fileRef = 218738FE141B6C52007D64B4 /* bottom_icon_statistics.png */; };
		21873904141B6C52007D64B4 /* bottom_icon_sync.png in Resources */ = {isa = PBXBuildFile; fileRef = 218738FF141B6C52007D64B4 /* bottom_icon_sync.png */; };
		21907B101446FEBE00C8385F /* MobileCoreServices.framework in Frameworks */ = {isa = PBXBuildFile; fileRef = 21907B0F1446FEBE00C8385F /* MobileCoreServices.framework */; };
		21907B141446FED000C8385F /* SystemConfiguration.framework in Frameworks */ = {isa = PBXBuildFile; fileRef = 21907B131446FED000C8385F /* SystemConfiguration.framework */; };
		21907B1A1446FEEF00C8385F /* OpenGLES.framework in Frameworks */ = {isa = PBXBuildFile; fileRef = 21907B191446FEEF00C8385F /* OpenGLES.framework */; };
		21907B201446FF3100C8385F /* libz.dylib in Frameworks */ = {isa = PBXBuildFile; fileRef = 21907B1F1446FF3100C8385F /* libz.dylib */; };
		21907B491447039600C8385F /* adviceVC.m in Sources */ = {isa = PBXBuildFile; fileRef = 21907B471447039600C8385F /* adviceVC.m */; };
		21907B4A1447039600C8385F /* adviceVC.xib in Resources */ = {isa = PBXBuildFile; fileRef = 21907B481447039600C8385F /* adviceVC.xib */; };
		219A4300142D98B900594D2B /* AddressAddSeniorVC.m in Sources */ = {isa = PBXBuildFile; fileRef = 219A42FE142D98B900594D2B /* AddressAddSeniorVC.m */; };
		219A4301142D98B900594D2B /* AddressAddSeniorVC.xib in Resources */ = {isa = PBXBuildFile; fileRef = 219A42FF142D98B900594D2B /* AddressAddSeniorVC.xib */; };
		219A4372142DA69D00594D2B /* CAttributeGroup.m in Sources */ = {isa = PBXBuildFile; fileRef = 219A4371142DA69D00594D2B /* CAttributeGroup.m */; };
		219C4F661409F2A600455CD6 /* CFNetwork.framework in Frameworks */ = {isa = PBXBuildFile; fileRef = 219C4F651409F2A600455CD6 /* CFNetwork.framework */; };
		219C500D140A054500455CD6 /* FtpGet.m in Sources */ = {isa = PBXBuildFile; fileRef = 219C500C140A054500455CD6 /* FtpGet.m */; };
		219D997013E506E900506FCB /* DBConnection.m in Sources */ = {isa = PBXBuildFile; fileRef = 219D996D13E506E900506FCB /* DBConnection.m */; };
		219D997113E506E900506FCB /* Statement.m in Sources */ = {isa = PBXBuildFile; fileRef = 219D996F13E506E900506FCB /* Statement.m */; };
		219D997313E5070A00506FCB /* AddressBook.db in Resources */ = {isa = PBXBuildFile; fileRef = 219D997213E5070A00506FCB /* AddressBook.db */; };
		219D999713E507B500506FCB /* libsqlite3.0.dylib in Frameworks */ = {isa = PBXBuildFile; fileRef = 219D999613E507B500506FCB /* libsqlite3.0.dylib */; };
		219D999913E507D600506FCB /* libxml2.dylib in Frameworks */ = {isa = PBXBuildFile; fileRef = 219D999813E507D600506FCB /* libxml2.dylib */; };
		219D99C513E5163100506FCB /* image01_kuang.png in Resources */ = {isa = PBXBuildFile; fileRef = 219D99BB13E5163100506FCB /* image01_kuang.png */; };
		219D99C613E5163100506FCB /* image02_kuang.png in Resources */ = {isa = PBXBuildFile; fileRef = 219D99BC13E5163100506FCB /* image02_kuang.png */; };
		219D99C713E5163100506FCB /* image03_kuang.png in Resources */ = {isa = PBXBuildFile; fileRef = 219D99BD13E5163100506FCB /* image03_kuang.png */; };
		219D99C813E5163100506FCB /* image04_kuang.png in Resources */ = {isa = PBXBuildFile; fileRef = 219D99BE13E5163100506FCB /* image04_kuang.png */; };
		219D99C913E5163100506FCB /* image05_kuang.png in Resources */ = {isa = PBXBuildFile; fileRef = 219D99BF13E5163100506FCB /* image05_kuang.png */; };
		219D99CA13E5163100506FCB /* image06_kuang.png in Resources */ = {isa = PBXBuildFile; fileRef = 219D99C013E5163100506FCB /* image06_kuang.png */; };
		219D99CB13E5163100506FCB /* image07_kuang.png in Resources */ = {isa = PBXBuildFile; fileRef = 219D99C113E5163100506FCB /* image07_kuang.png */; };
		219D99CC13E5163100506FCB /* image08_kuang.png in Resources */ = {isa = PBXBuildFile; fileRef = 219D99C213E5163100506FCB /* image08_kuang.png */; };
		219D99CD13E5163100506FCB /* image09_kuang.png in Resources */ = {isa = PBXBuildFile; fileRef = 219D99C313E5163100506FCB /* image09_kuang.png */; };
		219E3426143D642900F1F111 /* data.png in Resources */ = {isa = PBXBuildFile; fileRef = 219E3424143D642900F1F111 /* data.png */; };
		219E3427143D642900F1F111 /* data_hover.png in Resources */ = {isa = PBXBuildFile; fileRef = 219E3425143D642900F1F111 /* data_hover.png */; };
		219E342A143D646000F1F111 /* DateButton.m in Sources */ = {isa = PBXBuildFile; fileRef = 219E3429143D646000F1F111 /* DateButton.m */; };
		21A2AD0713F650F90051F3D7 /* memoInfoVC.m in Sources */ = {isa = PBXBuildFile; fileRef = 21A2AD0613F650F90051F3D7 /* memoInfoVC.m */; };
		21A2AD0913F6511B0051F3D7 /* memoInfoVC.xib in Resources */ = {isa = PBXBuildFile; fileRef = 21A2AD0813F6511B0051F3D7 /* memoInfoVC.xib */; };
		21A2AE4313F66FD80051F3D7 /* memoInfo.m in Sources */ = {isa = PBXBuildFile; fileRef = 21A2AE4213F66FD80051F3D7 /* memoInfo.m */; };
		21A327CB142D7B6A00F62134 /* syncAccountVC.m in Sources */ = {isa = PBXBuildFile; fileRef = 21A327CA142D7B6A00F62134 /* syncAccountVC.m */; };
		21A327CD142D7BE000F62134 /* syncAccountVC.xib in Resources */ = {isa = PBXBuildFile; fileRef = 21A327CC142D7BE000F62134 /* syncAccountVC.xib */; };
		21A32829142D819700F62134 /* syncButtonCell.m in Sources */ = {isa = PBXBuildFile; fileRef = 21A32828142D819700F62134 /* syncButtonCell.m */; };
		21A6EF73143D507A0099B486 /* MemoCell.m in Sources */ = {isa = PBXBuildFile; fileRef = 21A6EF72143D507A0099B486 /* MemoCell.m */; };
		21A70A9A14492E6000C451E6 /* RuleCheck.m in Sources */ = {isa = PBXBuildFile; fileRef = 21A70A9914492E6000C451E6 /* RuleCheck.m */; };
		21B324D7144339F200A881E9 /* statisticsCheckVC.m in Sources */ = {isa = PBXBuildFile; fileRef = 21B324D5144339F200A881E9 /* statisticsCheckVC.m */; };
		21B324D8144339F200A881E9 /* statisticsCheckVC.xib in Resources */ = {isa = PBXBuildFile; fileRef = 21B324D6144339F200A881E9 /* statisticsCheckVC.xib */; };
		21B7F7B31447C31800F00403 /* ASIAuthenticationDialog.m in Sources */ = {isa = PBXBuildFile; fileRef = 21B7F7A11447C31800F00403 /* ASIAuthenticationDialog.m */; };
		21B7F7B41447C31800F00403 /* ASIDownloadCache.m in Sources */ = {isa = PBXBuildFile; fileRef = 21B7F7A41447C31800F00403 /* ASIDownloadCache.m */; };
		21B7F7B51447C31800F00403 /* ASIFormDataRequest.m in Sources */ = {isa = PBXBuildFile; fileRef = 21B7F7A61447C31800F00403 /* ASIFormDataRequest.m */; };
		21B7F7B61447C31800F00403 /* ASIHTTPRequest.m in Sources */ = {isa = PBXBuildFile; fileRef = 21B7F7A81447C31800F00403 /* ASIHTTPRequest.m */; };
		21B7F7B71447C31800F00403 /* ASIInputStream.m in Sources */ = {isa = PBXBuildFile; fileRef = 21B7F7AC1447C31800F00403 /* ASIInputStream.m */; };
		21B7F7B81447C31800F00403 /* ASINetworkQueue.m in Sources */ = {isa = PBXBuildFile; fileRef = 21B7F7AE1447C31800F00403 /* ASINetworkQueue.m */; };
		21B7F7B91447C31800F00403 /* Reachability.m in Sources */ = {isa = PBXBuildFile; fileRef = 21B7F7B21447C31800F00403 /* Reachability.m */; };
		21BBF434143F1851001339A2 /* data2_hover.png in Resources */ = {isa = PBXBuildFile; fileRef = 21BBF432143F1851001339A2 /* data2_hover.png */; };
		21BBF435143F1851001339A2 /* data2.png in Resources */ = {isa = PBXBuildFile; fileRef = 21BBF433143F1851001339A2 /* data2.png */; };
		21BBF437143F187F001339A2 /* Icon.png in Resources */ = {isa = PBXBuildFile; fileRef = 21BBF436143F187F001339A2 /* Icon.png */; };
		21BC034D143805DF00CE1192 /* LabelAndContent.m in Sources */ = {isa = PBXBuildFile; fileRef = 21BC034C143805DF00CE1192 /* LabelAndContent.m */; };
		21BCEC5D142F60AA00FB27BE /* AddFieldVC.m in Sources */ = {isa = PBXBuildFile; fileRef = 21BCEC5C142F60AA00FB27BE /* AddFieldVC.m */; };
		21BCEC62142F612A00FB27BE /* AddFieldVC.xib in Resources */ = {isa = PBXBuildFile; fileRef = 21BCEC61142F612A00FB27BE /* AddFieldVC.xib */; };
		21BDAF34144B14E300B263FE /* LayerGroup.m in Sources */ = {isa = PBXBuildFile; fileRef = 21BDAF33144B14E300B263FE /* LayerGroup.m */; };
		21BDAF3D144B15E400B263FE /* gl_blueAll.png in Resources */ = {isa = PBXBuildFile; fileRef = 21BDAF3B144B15E400B263FE /* gl_blueAll.png */; };
		21BDAF3E144B15E400B263FE /* gl_leftArrow.png in Resources */ = {isa = PBXBuildFile; fileRef = 21BDAF3C144B15E400B263FE /* gl_leftArrow.png */; };
		21C941EA143951FB00EE7AAC /* RecommendVC.m in Sources */ = {isa = PBXBuildFile; fileRef = 21C941E8143951FB00EE7AAC /* RecommendVC.m */; };
		21C941EB143951FB00EE7AAC /* RecommendVC.xib in Resources */ = {isa = PBXBuildFile; fileRef = 21C941E9143951FB00EE7AAC /* RecommendVC.xib */; };
		21C9426714395A0A00EE7AAC /* Memo.m in Sources */ = {isa = PBXBuildFile; fileRef = 21C9426514395A0A00EE7AAC /* Memo.m */; };
		21C9426814395A0A00EE7AAC /* Memo.xib in Resources */ = {isa = PBXBuildFile; fileRef = 21C9426614395A0A00EE7AAC /* Memo.xib */; };
		21D256E2142B806E00306515 /* background.png in Resources */ = {isa = PBXBuildFile; fileRef = 21D256E1142B806E00306515 /* background.png */; };
		21D25782142B889700306515 /* backup.png in Resources */ = {isa = PBXBuildFile; fileRef = 21D2577C142B889700306515 /* backup.png */; };
		21D25783142B889700306515 /* backup_hover.png in Resources */ = {isa = PBXBuildFile; fileRef = 21D2577D142B889700306515 /* backup_hover.png */; };
		21D25784142B889700306515 /* sync_account.png in Resources */ = {isa = PBXBuildFile; fileRef = 21D2577E142B889700306515 /* sync_account.png */; };
		21D25785142B889700306515 /* sync_account_hover.png in Resources */ = {isa = PBXBuildFile; fileRef = 21D2577F142B889700306515 /* sync_account_hover.png */; };
		21D25786142B889700306515 /* synchronous.png in Resources */ = {isa = PBXBuildFile; fileRef = 21D25780142B889700306515 /* synchronous.png */; };
		21D25787142B889700306515 /* synchronous_hover.png in Resources */ = {isa = PBXBuildFile; fileRef = 21D25781142B889700306515 /* synchronous_hover.png */; };
		21D798B714473EAC004B1CFA /* serviceListVC.m in Sources */ = {isa = PBXBuildFile; fileRef = 21D798B514473EAC004B1CFA /* serviceListVC.m */; };
		21D798B814473EAC004B1CFA /* serviceListVC.xib in Resources */ = {isa = PBXBuildFile; fileRef = 21D798B614473EAC004B1CFA /* serviceListVC.xib */; };
		21D798BC14473EBC004B1CFA /* serviceInfo.m in Sources */ = {isa = PBXBuildFile; fileRef = 21D798BA14473EBC004B1CFA /* serviceInfo.m */; };
		21D798BD14473EBC004B1CFA /* serviceInfo.xib in Resources */ = {isa = PBXBuildFile; fileRef = 21D798BB14473EBC004B1CFA /* serviceInfo.xib */; };
		21E206ED1430CB8B00DE2CDB /* CAttributeRecommend.m in Sources */ = {isa = PBXBuildFile; fileRef = 21E206EC1430CB8B00DE2CDB /* CAttributeRecommend.m */; };
		21E27DBF143AB20D00A3F124 /* btn_3black.png in Resources */ = {isa = PBXBuildFile; fileRef = 21E27DBA143AB20D00A3F124 /* btn_3black.png */; };
		21E27DC0143AB20D00A3F124 /* btn_3blue.png in Resources */ = {isa = PBXBuildFile; fileRef = 21E27DBB143AB20D00A3F124 /* btn_3blue.png */; };
		21E27DC1143AB20D00A3F124 /* btn_3hover.png in Resources */ = {isa = PBXBuildFile; fileRef = 21E27DBC143AB20D00A3F124 /* btn_3hover.png */; };
		21E27DC2143AB20D00A3F124 /* btn_3red.png in Resources */ = {isa = PBXBuildFile; fileRef = 21E27DBD143AB20D00A3F124 /* btn_3red.png */; };
		21E27DC3143AB20D00A3F124 /* index_checkBox_bg.png in Resources */ = {isa = PBXBuildFile; fileRef = 21E27DBE143AB20D00A3F124 /* index_checkBox_bg.png */; };
		21E27DC6143AB23D00A3F124 /* CheckBox.m in Sources */ = {isa = PBXBuildFile; fileRef = 21E27DC5143AB23D00A3F124 /* CheckBox.m */; };
		21E27E3E143AD27C00A3F124 /* checkBox_hover.png in Resources */ = {isa = PBXBuildFile; fileRef = 21E27E3B143AD27C00A3F124 /* checkBox_hover.png */; };
		21E27E3F143AD27C00A3F124 /* checkBox.png in Resources */ = {isa = PBXBuildFile; fileRef = 21E27E3C143AD27C00A3F124 /* checkBox.png */; };
		21E27E40143AD27C00A3F124 /* move.png in Resources */ = {isa = PBXBuildFile; fileRef = 21E27E3D143AD27C00A3F124 /* move.png */; };
		21E5AE00141DEE6C00B5EBA5 /* leftBar_bg.png in Resources */ = {isa = PBXBuildFile; fileRef = 21E5ADFD141DEE6C00B5EBA5 /* leftBar_bg.png */; };
		21E5AE01141DEE6C00B5EBA5 /* leftBar_group_bg.png in Resources */ = {isa = PBXBuildFile; fileRef = 21E5ADFE141DEE6C00B5EBA5 /* leftBar_group_bg.png */; };
		21E5AE02141DEE6C00B5EBA5 /* leftBar_group_number.png in Resources */ = {isa = PBXBuildFile; fileRef = 21E5ADFF141DEE6C00B5EBA5 /* leftBar_group_number.png */; };
		21E5AE88141DF56100B5EBA5 /* CustomDatePicker.m in Sources */ = {isa = PBXBuildFile; fileRef = 21E5AE83141DF56100B5EBA5 /* CustomDatePicker.m */; };
		21E5AE8E141DF5DC00B5EBA5 /* GroupItemView.m in Sources */ = {isa = PBXBuildFile; fileRef = 21E5AE8D141DF5DC00B5EBA5 /* GroupItemView.m */; };
		21E712D913E3F13700BF47E6 /* PublicData.m in Sources */ = {isa = PBXBuildFile; fileRef = 21E712D813E3F13700BF47E6 /* PublicData.m */; };
		21E712F413E3F3E700BF47E6 /* QuartzCore.framework in Frameworks */ = {isa = PBXBuildFile; fileRef = 21E712F313E3F3E700BF47E6 /* QuartzCore.framework */; };
		21E7131B13E3F52900BF47E6 /* AddressBookVC.m in Sources */ = {isa = PBXBuildFile; fileRef = 21E7131A13E3F52900BF47E6 /* AddressBookVC.m */; };
		21E7131E13E3F56000BF47E6 /* syncVC.m in Sources */ = {isa = PBXBuildFile; fileRef = 21E7131D13E3F56000BF47E6 /* syncVC.m */; };
		21E7132113E3F58700BF47E6 /* statisticsVC.m in Sources */ = {isa = PBXBuildFile; fileRef = 21E7132013E3F58700BF47E6 /* statisticsVC.m */; };
		21E7132413E3F5D300BF47E6 /* memoVC.m in Sources */ = {isa = PBXBuildFile; fileRef = 21E7132313E3F5D300BF47E6 /* memoVC.m */; };
		21E7132713E3F5E800BF47E6 /* moreVC.m in Sources */ = {isa = PBXBuildFile; fileRef = 21E7132613E3F5E800BF47E6 /* moreVC.m */; };
		21E7132B13E3F60900BF47E6 /* AddressBookVC.xib in Resources */ = {isa = PBXBuildFile; fileRef = 21E7132A13E3F60900BF47E6 /* AddressBookVC.xib */; };
		21E7135913E3F8DC00BF47E6 /* syncVC.xib in Resources */ = {isa = PBXBuildFile; fileRef = 21E7135513E3F8DC00BF47E6 /* syncVC.xib */; };
		21E7135A13E3F8DC00BF47E6 /* statisticsVC.xib in Resources */ = {isa = PBXBuildFile; fileRef = 21E7135613E3F8DC00BF47E6 /* statisticsVC.xib */; };
		21E7135B13E3F8DC00BF47E6 /* memoVC.xib in Resources */ = {isa = PBXBuildFile; fileRef = 21E7135713E3F8DC00BF47E6 /* memoVC.xib */; };
		21E7135C13E3F8DC00BF47E6 /* moreVC.xib in Resources */ = {isa = PBXBuildFile; fileRef = 21E7135813E3F8DC00BF47E6 /* moreVC.xib */; };
		21E83D721445C8DA00881E49 /* Default.png in Resources */ = {isa = PBXBuildFile; fileRef = 21E83D711445C8DA00881E49 /* Default.png */; };
		21E83D811445CB5200881E49 /* aboutVC.m in Sources */ = {isa = PBXBuildFile; fileRef = 21E83D7F1445CB5200881E49 /* aboutVC.m */; };
		21E83D821445CB5200881E49 /* aboutVC.xib in Resources */ = {isa = PBXBuildFile; fileRef = 21E83D801445CB5200881E49 /* aboutVC.xib */; };
		21E83D871445CC6B00881E49 /* about_bg.png in Resources */ = {isa = PBXBuildFile; fileRef = 21E83D861445CC6B00881E49 /* about_bg.png */; };
		21E83DA21445D2B200881E49 /* helpVC.m in Sources */ = {isa = PBXBuildFile; fileRef = 21E83DA01445D2B200881E49 /* helpVC.m */; };
		21E83DA31445D2B200881E49 /* helpVC.xib in Resources */ = {isa = PBXBuildFile; fileRef = 21E83DA11445D2B200881E49 /* helpVC.xib */; };
		21E83DBB1445D5F300881E49 /* help.txt in Resources */ = {isa = PBXBuildFile; fileRef = 21E83DBA1445D5F300881E49 /* help.txt */; };
		21EF12CA1441EE91003DA8D0 /* MemoCheckBox.m in Sources */ = {isa = PBXBuildFile; fileRef = 21EF12C91441EE91003DA8D0 /* MemoCheckBox.m */; };
		21F57BCA14278AA40099BEB5 /* CAttributeCell.m in Sources */ = {isa = PBXBuildFile; fileRef = 21F57BC714278AA40099BEB5 /* CAttributeCell.m */; };
		21F57BCB14278AA40099BEB5 /* EditableCell.m in Sources */ = {isa = PBXBuildFile; fileRef = 21F57BC914278AA40099BEB5 /* EditableCell.m */; };
		21F57BD714278CD40099BEB5 /* CAttribute.m in Sources */ = {isa = PBXBuildFile; fileRef = 21F57BD214278CD40099BEB5 /* CAttribute.m */; };
		21F57BD814278CD40099BEB5 /* CAttributeContainer.m in Sources */ = {isa = PBXBuildFile; fileRef = 21F57BD414278CD40099BEB5 /* CAttributeContainer.m */; };
		21F57BD914278CD40099BEB5 /* CAttributeString.m in Sources */ = {isa = PBXBuildFile; fileRef = 21F57BD614278CD40099BEB5 /* CAttributeString.m */; };
		21FFC2AE142F1185006DB72C /* CAttributeMemo.m in Sources */ = {isa = PBXBuildFile; fileRef = 21FFC2AD142F1185006DB72C /* CAttributeMemo.m */; };
		288765FD0DF74451002DB57D /* CoreGraphics.framework in Frameworks */ = {isa = PBXBuildFile; fileRef = 288765FC0DF74451002DB57D /* CoreGraphics.framework */; };
		28AD733F0D9D9553002E5188 /* MainWindow.xib in Resources */ = {isa = PBXBuildFile; fileRef = 28AD733E0D9D9553002E5188 /* MainWindow.xib */; };
		63458B2313E7A32400338243 /* AddressBook.framework in Frameworks */ = {isa = PBXBuildFile; fileRef = 63458B2213E7A32400338243 /* AddressBook.framework */; };
		63458B2513E7A32400338243 /* AddressBookUI.framework in Frameworks */ = {isa = PBXBuildFile; fileRef = 63458B2413E7A32400338243 /* AddressBookUI.framework */; };
		63458B5913E7B73D00338243 /* contactsInfo.m in Sources */ = {isa = PBXBuildFile; fileRef = 63458B5813E7B73D00338243 /* contactsInfo.m */; };
/* End PBXBuildFile section */

/* Begin PBXFileReference section */
		1D30AB110D05D00D00671497 /* Foundation.framework */ = {isa = PBXFileReference; lastKnownFileType = wrapper.framework; name = Foundation.framework; path = System/Library/Frameworks/Foundation.framework; sourceTree = SDKROOT; };
		1D3623240D0F684500981E51 /* AddressBookAppDelegate.h */ = {isa = PBXFileReference; fileEncoding = 4; lastKnownFileType = sourcecode.c.h; path = AddressBookAppDelegate.h; sourceTree = "<group>"; };
		1D3623250D0F684500981E51 /* AddressBookAppDelegate.m */ = {isa = PBXFileReference; fileEncoding = 4; lastKnownFileType = sourcecode.c.objc; path = AddressBookAppDelegate.m; sourceTree = "<group>"; };
		1D6058910D05DD3D006BFB54 /* AddressBook.app */ = {isa = PBXFileReference; explicitFileType = wrapper.application; includeInIndex = 0; path = AddressBook.app; sourceTree = BUILT_PRODUCTS_DIR; };
		1DF5F4DF0D08C38300B7A737 /* UIKit.framework */ = {isa = PBXFileReference; lastKnownFileType = wrapper.framework; name = UIKit.framework; path = System/Library/Frameworks/UIKit.framework; sourceTree = SDKROOT; };
		2104CF8714238ECF0004FB9A /* ContactCell.h */ = {isa = PBXFileReference; fileEncoding = 4; lastKnownFileType = sourcecode.c.h; path = ContactCell.h; sourceTree = "<group>"; };
		2104CF8814238ECF0004FB9A /* ContactCell.m */ = {isa = PBXFileReference; fileEncoding = 4; lastKnownFileType = sourcecode.c.objc; path = ContactCell.m; sourceTree = "<group>"; };
		2104CFC01423929C0004FB9A /* arrow.png */ = {isa = PBXFileReference; lastKnownFileType = image.png; path = arrow.png; sourceTree = "<group>"; };
		2106B7FB142E169800F9DD6C /* TagVC.h */ = {isa = PBXFileReference; fileEncoding = 4; lastKnownFileType = sourcecode.c.h; path = TagVC.h; sourceTree = "<group>"; };
		2106B7FC142E169800F9DD6C /* TagVC.m */ = {isa = PBXFileReference; fileEncoding = 4; lastKnownFileType = sourcecode.c.objc; path = TagVC.m; sourceTree = "<group>"; };
		2106B800142E16FF00F9DD6C /* TagVC.xib */ = {isa = PBXFileReference; lastKnownFileType = file.xib; path = TagVC.xib; sourceTree = "<group>"; };
		2106B87F142E252800F9DD6C /* CAttributeBlood.h */ = {isa = PBXFileReference; fileEncoding = 4; lastKnownFileType = sourcecode.c.h; path = CAttributeBlood.h; sourceTree = "<group>"; };
		2106B880142E252800F9DD6C /* CAttributeBlood.m */ = {isa = PBXFileReference; fileEncoding = 4; lastKnownFileType = sourcecode.c.objc; path = CAttributeBlood.m; sourceTree = "<group>"; };
		210876271424C3A400159CC2 /* ModalAlert.h */ = {isa = PBXFileReference; fileEncoding = 4; lastKnownFileType = sourcecode.c.h; path = ModalAlert.h; sourceTree = "<group>"; };
		210876281424C3A400159CC2 /* ModalAlert.m */ = {isa = PBXFileReference; fileEncoding = 4; lastKnownFileType = sourcecode.c.objc; path = ModalAlert.m; sourceTree = "<group>"; };
		210876DB1424D71000159CC2 /* EventKit.framework */ = {isa = PBXFileReference; lastKnownFileType = wrapper.framework; name = EventKit.framework; path = System/Library/Frameworks/EventKit.framework; sourceTree = SDKROOT; };
		210876DD1424D71000159CC2 /* EventKitUI.framework */ = {isa = PBXFileReference; lastKnownFileType = wrapper.framework; name = EventKitUI.framework; path = System/Library/Frameworks/EventKitUI.framework; sourceTree = SDKROOT; };
		210878341424F34B00159CC2 /* head_big.png */ = {isa = PBXFileReference; lastKnownFileType = image.png; path = head_big.png; sourceTree = "<group>"; };
		210878351424F34B00159CC2 /* head.png */ = {isa = PBXFileReference; lastKnownFileType = image.png; path = head.png; sourceTree = "<group>"; };
		210F641A14092C8600ABC90F /* FtpUpLoad.h */ = {isa = PBXFileReference; fileEncoding = 4; lastKnownFileType = sourcecode.c.h; path = FtpUpLoad.h; sourceTree = "<group>"; };
		210F641B14092C8600ABC90F /* FtpUpLoad.m */ = {isa = PBXFileReference; fileEncoding = 4; lastKnownFileType = sourcecode.c.objc; path = FtpUpLoad.m; sourceTree = "<group>"; };
		211A09D713F57F8B001CDC70 /* AddressSeniorInfoVC.h */ = {isa = PBXFileReference; fileEncoding = 4; lastKnownFileType = sourcecode.c.h; path = AddressSeniorInfoVC.h; sourceTree = "<group>"; };
		211A09D813F57F8B001CDC70 /* AddressSeniorInfoVC.m */ = {isa = PBXFileReference; fileEncoding = 4; lastKnownFileType = sourcecode.c.objc; path = AddressSeniorInfoVC.m; sourceTree = "<group>"; };
		211A09DC13F57FD0001CDC70 /* AddressSeniorInfoVC.xib */ = {isa = PBXFileReference; lastKnownFileType = file.xib; path = AddressSeniorInfoVC.xib; sourceTree = "<group>"; };
		211BFDAF141F9B10009C1EA5 /* pinyin.c */ = {isa = PBXFileReference; fileEncoding = 4; lastKnownFileType = sourcecode.c.c; path = pinyin.c; sourceTree = "<group>"; };
		211BFDB0141F9B10009C1EA5 /* pinyin.h */ = {isa = PBXFileReference; fileEncoding = 4; lastKnownFileType = sourcecode.c.h; path = pinyin.h; sourceTree = "<group>"; };
		211BFDE6141FA06F009C1EA5 /* ABContact.h */ = {isa = PBXFileReference; fileEncoding = 4; lastKnownFileType = sourcecode.c.h; path = ABContact.h; sourceTree = "<group>"; };
		211BFDE7141FA06F009C1EA5 /* ABContact.m */ = {isa = PBXFileReference; fileEncoding = 4; lastKnownFileType = sourcecode.c.objc; path = ABContact.m; sourceTree = "<group>"; };
		211BFDE8141FA06F009C1EA5 /* ABContactsHelper.h */ = {isa = PBXFileReference; fileEncoding = 4; lastKnownFileType = sourcecode.c.h; path = ABContactsHelper.h; sourceTree = "<group>"; };
		211BFDE9141FA06F009C1EA5 /* ABContactsHelper.m */ = {isa = PBXFileReference; fileEncoding = 4; lastKnownFileType = sourcecode.c.objc; path = ABContactsHelper.m; sourceTree = "<group>"; };
		211BFDEA141FA06F009C1EA5 /* ABGroup.h */ = {isa = PBXFileReference; fileEncoding = 4; lastKnownFileType = sourcecode.c.h; path = ABGroup.h; sourceTree = "<group>"; };
		211BFDEB141FA06F009C1EA5 /* ABGroup.m */ = {isa = PBXFileReference; fileEncoding = 4; lastKnownFileType = sourcecode.c.objc; path = ABGroup.m; sourceTree = "<group>"; };
		211BFDEC141FA06F009C1EA5 /* ContactData.h */ = {isa = PBXFileReference; fileEncoding = 4; lastKnownFileType = sourcecode.c.h; path = ContactData.h; sourceTree = "<group>"; };
		211BFDED141FA06F009C1EA5 /* ContactData.m */ = {isa = PBXFileReference; fileEncoding = 4; lastKnownFileType = sourcecode.c.objc; path = ContactData.m; sourceTree = "<group>"; };
		211DC5C514409DF2002FDAF4 /* checkDateButton.h */ = {isa = PBXFileReference; fileEncoding = 4; lastKnownFileType = sourcecode.c.h; path = checkDateButton.h; sourceTree = "<group>"; };
		211DC5C614409DF2002FDAF4 /* checkDateButton.m */ = {isa = PBXFileReference; fileEncoding = 4; lastKnownFileType = sourcecode.c.objc; path = checkDateButton.m; sourceTree = "<group>"; };
		212B47C214258D3B00DE4938 /* CustomPicker.h */ = {isa = PBXFileReference; fileEncoding = 4; lastKnownFileType = sourcecode.c.h; path = CustomPicker.h; sourceTree = "<group>"; };
		212B47C314258D3B00DE4938 /* CustomPicker.m */ = {isa = PBXFileReference; fileEncoding = 4; lastKnownFileType = sourcecode.c.objc; path = CustomPicker.m; sourceTree = "<group>"; };
		2158386C1438B61B0034356B /* CAttributeConstellation.h */ = {isa = PBXFileReference; fileEncoding = 4; lastKnownFileType = sourcecode.c.h; path = CAttributeConstellation.h; sourceTree = "<group>"; };
		2158386D1438B61B0034356B /* CAttributeConstellation.m */ = {isa = PBXFileReference; fileEncoding = 4; lastKnownFileType = sourcecode.c.objc; path = CAttributeConstellation.m; sourceTree = "<group>"; };
		216525F713E52F8F0075F387 /* AddressPreInfoVC.h */ = {isa = PBXFileReference; fileEncoding = 4; lastKnownFileType = sourcecode.c.h; path = AddressPreInfoVC.h; sourceTree = "<group>"; };
		216525F813E52F8F0075F387 /* AddressPreInfoVC.m */ = {isa = PBXFileReference; fileEncoding = 4; lastKnownFileType = sourcecode.c.objc; path = AddressPreInfoVC.m; sourceTree = "<group>"; };
		216525FA13E52FA30075F387 /* AddressBaseInfoVC.h */ = {isa = PBXFileReference; fileEncoding = 4; lastKnownFileType = sourcecode.c.h; path = AddressBaseInfoVC.h; sourceTree = "<group>"; };
		216525FB13E52FA30075F387 /* AddressBaseInfoVC.m */ = {isa = PBXFileReference; fileEncoding = 4; lastKnownFileType = sourcecode.c.objc; path = AddressBaseInfoVC.m; sourceTree = "<group>"; };
		2165260D13E531BA0075F387 /* AddressPreInfoVC.xib */ = {isa = PBXFileReference; lastKnownFileType = file.xib; path = AddressPreInfoVC.xib; sourceTree = "<group>"; };
		2165260F13E531D10075F387 /* AddressBaseInfoVC.xib */ = {isa = PBXFileReference; lastKnownFileType = file.xib; path = AddressBaseInfoVC.xib; sourceTree = "<group>"; };
		216F72E01439D05100174368 /* TagCell.h */ = {isa = PBXFileReference; fileEncoding = 4; lastKnownFileType = sourcecode.c.h; path = TagCell.h; sourceTree = "<group>"; };
		216F72E11439D05100174368 /* TagCell.m */ = {isa = PBXFileReference; fileEncoding = 4; lastKnownFileType = sourcecode.c.objc; path = TagCell.m; sourceTree = "<group>"; };
		216F730E1439D1C500174368 /* CAttributeRelate.h */ = {isa = PBXFileReference; fileEncoding = 4; lastKnownFileType = sourcecode.c.h; path = CAttributeRelate.h; sourceTree = "<group>"; };
		216F730F1439D1C500174368 /* CAttributeRelate.m */ = {isa = PBXFileReference; fileEncoding = 4; lastKnownFileType = sourcecode.c.objc; path = CAttributeRelate.m; sourceTree = "<group>"; };
		2176A7ED13E5705700944254 /* ImageStore.h */ = {isa = PBXFileReference; fileEncoding = 4; lastKnownFileType = sourcecode.c.h; path = ImageStore.h; sourceTree = "<group>"; };
		2176A7EE13E5705700944254 /* ImageStore.m */ = {isa = PBXFileReference; fileEncoding = 4; lastKnownFileType = sourcecode.c.objc; path = ImageStore.m; sourceTree = "<group>"; };
		2176A7F013E5708500944254 /* DataStore.h */ = {isa = PBXFileReference; fileEncoding = 4; lastKnownFileType = sourcecode.c.h; path = DataStore.h; sourceTree = "<group>"; };
		2176A7F113E5708500944254 /* DataStore.m */ = {isa = PBXFileReference; fileEncoding = 4; lastKnownFileType = sourcecode.c.objc; path = DataStore.m; sourceTree = "<group>"; };
		218738FB141B6C52007D64B4 /* bottom_icon_contacts.png */ = {isa = PBXFileReference; lastKnownFileType = image.png; path = bottom_icon_contacts.png; sourceTree = "<group>"; };
		218738FC141B6C52007D64B4 /* bottom_icon_memo.png */ = {isa = PBXFileReference; lastKnownFileType = image.png; path = bottom_icon_memo.png; sourceTree = "<group>"; };
		218738FD141B6C52007D64B4 /* bottom_icon_more.png */ = {isa = PBXFileReference; lastKnownFileType = image.png; path = bottom_icon_more.png; sourceTree = "<group>"; };
		218738FE141B6C52007D64B4 /* bottom_icon_statistics.png */ = {isa = PBXFileReference; lastKnownFileType = image.png; path = bottom_icon_statistics.png; sourceTree = "<group>"; };
		218738FF141B6C52007D64B4 /* bottom_icon_sync.png */ = {isa = PBXFileReference; lastKnownFileType = image.png; path = bottom_icon_sync.png; sourceTree = "<group>"; };
		21907B0F1446FEBE00C8385F /* MobileCoreServices.framework */ = {isa = PBXFileReference; lastKnownFileType = wrapper.framework; name = MobileCoreServices.framework; path = System/Library/Frameworks/MobileCoreServices.framework; sourceTree = SDKROOT; };
		21907B131446FED000C8385F /* SystemConfiguration.framework */ = {isa = PBXFileReference; lastKnownFileType = wrapper.framework; name = SystemConfiguration.framework; path = System/Library/Frameworks/SystemConfiguration.framework; sourceTree = SDKROOT; };
		21907B191446FEEF00C8385F /* OpenGLES.framework */ = {isa = PBXFileReference; lastKnownFileType = wrapper.framework; name = OpenGLES.framework; path = System/Library/Frameworks/OpenGLES.framework; sourceTree = SDKROOT; };
		21907B1F1446FF3100C8385F /* libz.dylib */ = {isa = PBXFileReference; lastKnownFileType = "compiled.mach-o.dylib"; name = libz.dylib; path = usr/lib/libz.dylib; sourceTree = SDKROOT; };
		21907B461447039600C8385F /* adviceVC.h */ = {isa = PBXFileReference; fileEncoding = 4; lastKnownFileType = sourcecode.c.h; path = adviceVC.h; sourceTree = "<group>"; };
		21907B471447039600C8385F /* adviceVC.m */ = {isa = PBXFileReference; fileEncoding = 4; lastKnownFileType = sourcecode.c.objc; path = adviceVC.m; sourceTree = "<group>"; };
		21907B481447039600C8385F /* adviceVC.xib */ = {isa = PBXFileReference; lastKnownFileType = file.xib; path = adviceVC.xib; sourceTree = "<group>"; };
		219A42FD142D98B900594D2B /* AddressAddSeniorVC.h */ = {isa = PBXFileReference; fileEncoding = 4; lastKnownFileType = sourcecode.c.h; path = AddressAddSeniorVC.h; sourceTree = "<group>"; };
		219A42FE142D98B900594D2B /* AddressAddSeniorVC.m */ = {isa = PBXFileReference; fileEncoding = 4; lastKnownFileType = sourcecode.c.objc; path = AddressAddSeniorVC.m; sourceTree = "<group>"; };
		219A42FF142D98B900594D2B /* AddressAddSeniorVC.xib */ = {isa = PBXFileReference; lastKnownFileType = file.xib; path = AddressAddSeniorVC.xib; sourceTree = "<group>"; };
		219A4370142DA69D00594D2B /* CAttributeGroup.h */ = {isa = PBXFileReference; fileEncoding = 4; lastKnownFileType = sourcecode.c.h; path = CAttributeGroup.h; sourceTree = "<group>"; };
		219A4371142DA69D00594D2B /* CAttributeGroup.m */ = {isa = PBXFileReference; fileEncoding = 4; lastKnownFileType = sourcecode.c.objc; path = CAttributeGroup.m; sourceTree = "<group>"; };
		219C4F651409F2A600455CD6 /* CFNetwork.framework */ = {isa = PBXFileReference; lastKnownFileType = wrapper.framework; name = CFNetwork.framework; path = System/Library/Frameworks/CFNetwork.framework; sourceTree = SDKROOT; };
		219C500B140A054500455CD6 /* FtpGet.h */ = {isa = PBXFileReference; fileEncoding = 4; lastKnownFileType = sourcecode.c.h; path = FtpGet.h; sourceTree = "<group>"; };
		219C500C140A054500455CD6 /* FtpGet.m */ = {isa = PBXFileReference; fileEncoding = 4; lastKnownFileType = sourcecode.c.objc; path = FtpGet.m; sourceTree = "<group>"; };
		219D996C13E506E900506FCB /* DBConnection.h */ = {isa = PBXFileReference; fileEncoding = 4; lastKnownFileType = sourcecode.c.h; path = DBConnection.h; sourceTree = "<group>"; };
		219D996D13E506E900506FCB /* DBConnection.m */ = {isa = PBXFileReference; fileEncoding = 4; lastKnownFileType = sourcecode.c.objc; path = DBConnection.m; sourceTree = "<group>"; };
		219D996E13E506E900506FCB /* Statement.h */ = {isa = PBXFileReference; fileEncoding = 4; lastKnownFileType = sourcecode.c.h; path = Statement.h; sourceTree = "<group>"; };
		219D996F13E506E900506FCB /* Statement.m */ = {isa = PBXFileReference; fileEncoding = 4; lastKnownFileType = sourcecode.c.objc; path = Statement.m; sourceTree = "<group>"; };
		219D997213E5070A00506FCB /* AddressBook.db */ = {isa = PBXFileReference; lastKnownFileType = file; path = AddressBook.db; sourceTree = "<group>"; };
		219D999613E507B500506FCB /* libsqlite3.0.dylib */ = {isa = PBXFileReference; lastKnownFileType = "compiled.mach-o.dylib"; name = libsqlite3.0.dylib; path = usr/lib/libsqlite3.0.dylib; sourceTree = SDKROOT; };
		219D999813E507D600506FCB /* libxml2.dylib */ = {isa = PBXFileReference; lastKnownFileType = "compiled.mach-o.dylib"; name = libxml2.dylib; path = usr/lib/libxml2.dylib; sourceTree = SDKROOT; };
		219D99BB13E5163100506FCB /* image01_kuang.png */ = {isa = PBXFileReference; lastKnownFileType = image.png; path = image01_kuang.png; sourceTree = "<group>"; };
		219D99BC13E5163100506FCB /* image02_kuang.png */ = {isa = PBXFileReference; lastKnownFileType = image.png; path = image02_kuang.png; sourceTree = "<group>"; };
		219D99BD13E5163100506FCB /* image03_kuang.png */ = {isa = PBXFileReference; lastKnownFileType = image.png; path = image03_kuang.png; sourceTree = "<group>"; };
		219D99BE13E5163100506FCB /* image04_kuang.png */ = {isa = PBXFileReference; lastKnownFileType = image.png; path = image04_kuang.png; sourceTree = "<group>"; };
		219D99BF13E5163100506FCB /* image05_kuang.png */ = {isa = PBXFileReference; lastKnownFileType = image.png; path = image05_kuang.png; sourceTree = "<group>"; };
		219D99C013E5163100506FCB /* image06_kuang.png */ = {isa = PBXFileReference; lastKnownFileType = image.png; path = image06_kuang.png; sourceTree = "<group>"; };
		219D99C113E5163100506FCB /* image07_kuang.png */ = {isa = PBXFileReference; lastKnownFileType = image.png; path = image07_kuang.png; sourceTree = "<group>"; };
		219D99C213E5163100506FCB /* image08_kuang.png */ = {isa = PBXFileReference; lastKnownFileType = image.png; path = image08_kuang.png; sourceTree = "<group>"; };
		219D99C313E5163100506FCB /* image09_kuang.png */ = {isa = PBXFileReference; lastKnownFileType = image.png; path = image09_kuang.png; sourceTree = "<group>"; };
		219E3424143D642900F1F111 /* data.png */ = {isa = PBXFileReference; lastKnownFileType = image.png; path = data.png; sourceTree = "<group>"; };
		219E3425143D642900F1F111 /* data_hover.png */ = {isa = PBXFileReference; lastKnownFileType = image.png; path = data_hover.png; sourceTree = "<group>"; };
		219E3428143D646000F1F111 /* DateButton.h */ = {isa = PBXFileReference; fileEncoding = 4; lastKnownFileType = sourcecode.c.h; path = DateButton.h; sourceTree = "<group>"; };
		219E3429143D646000F1F111 /* DateButton.m */ = {isa = PBXFileReference; fileEncoding = 4; lastKnownFileType = sourcecode.c.objc; path = DateButton.m; sourceTree = "<group>"; };
		21A2AD0513F650F90051F3D7 /* memoInfoVC.h */ = {isa = PBXFileReference; fileEncoding = 4; lastKnownFileType = sourcecode.c.h; path = memoInfoVC.h; sourceTree = "<group>"; };
		21A2AD0613F650F90051F3D7 /* memoInfoVC.m */ = {isa = PBXFileReference; fileEncoding = 4; lastKnownFileType = sourcecode.c.objc; path = memoInfoVC.m; sourceTree = "<group>"; };
		21A2AD0813F6511B0051F3D7 /* memoInfoVC.xib */ = {isa = PBXFileReference; lastKnownFileType = file.xib; path = memoInfoVC.xib; sourceTree = "<group>"; };
		21A2AE4113F66FD80051F3D7 /* memoInfo.h */ = {isa = PBXFileReference; fileEncoding = 4; lastKnownFileType = sourcecode.c.h; path = memoInfo.h; sourceTree = "<group>"; };
		21A2AE4213F66FD80051F3D7 /* memoInfo.m */ = {isa = PBXFileReference; fileEncoding = 4; lastKnownFileType = sourcecode.c.objc; path = memoInfo.m; sourceTree = "<group>"; };
		21A327C9142D7B6A00F62134 /* syncAccountVC.h */ = {isa = PBXFileReference; fileEncoding = 4; lastKnownFileType = sourcecode.c.h; path = syncAccountVC.h; sourceTree = "<group>"; };
		21A327CA142D7B6A00F62134 /* syncAccountVC.m */ = {isa = PBXFileReference; fileEncoding = 4; lastKnownFileType = sourcecode.c.objc; path = syncAccountVC.m; sourceTree = "<group>"; };
		21A327CC142D7BE000F62134 /* syncAccountVC.xib */ = {isa = PBXFileReference; lastKnownFileType = file.xib; path = syncAccountVC.xib; sourceTree = "<group>"; };
		21A32827142D819700F62134 /* syncButtonCell.h */ = {isa = PBXFileReference; fileEncoding = 4; lastKnownFileType = sourcecode.c.h; path = syncButtonCell.h; sourceTree = "<group>"; };
		21A32828142D819700F62134 /* syncButtonCell.m */ = {isa = PBXFileReference; fileEncoding = 4; lastKnownFileType = sourcecode.c.objc; path = syncButtonCell.m; sourceTree = "<group>"; };
		21A6EF71143D507A0099B486 /* MemoCell.h */ = {isa = PBXFileReference; fileEncoding = 4; lastKnownFileType = sourcecode.c.h; path = MemoCell.h; sourceTree = "<group>"; };
		21A6EF72143D507A0099B486 /* MemoCell.m */ = {isa = PBXFileReference; fileEncoding = 4; lastKnownFileType = sourcecode.c.objc; path = MemoCell.m; sourceTree = "<group>"; };
		21A70A9814492E6000C451E6 /* RuleCheck.h */ = {isa = PBXFileReference; fileEncoding = 4; lastKnownFileType = sourcecode.c.h; path = RuleCheck.h; sourceTree = "<group>"; };
		21A70A9914492E6000C451E6 /* RuleCheck.m */ = {isa = PBXFileReference; fileEncoding = 4; lastKnownFileType = sourcecode.c.objc; path = RuleCheck.m; sourceTree = "<group>"; };
		21B324D4144339F200A881E9 /* statisticsCheckVC.h */ = {isa = PBXFileReference; fileEncoding = 4; lastKnownFileType = sourcecode.c.h; path = statisticsCheckVC.h; sourceTree = "<group>"; };
		21B324D5144339F200A881E9 /* statisticsCheckVC.m */ = {isa = PBXFileReference; fileEncoding = 4; lastKnownFileType = sourcecode.c.objc; path = statisticsCheckVC.m; sourceTree = "<group>"; };
		21B324D6144339F200A881E9 /* statisticsCheckVC.xib */ = {isa = PBXFileReference; lastKnownFileType = file.xib; path = statisticsCheckVC.xib; sourceTree = "<group>"; };
		21B7F7A01447C31800F00403 /* ASIAuthenticationDialog.h */ = {isa = PBXFileReference; fileEncoding = 4; lastKnownFileType = sourcecode.c.h; path = ASIAuthenticationDialog.h; sourceTree = "<group>"; };
		21B7F7A11447C31800F00403 /* ASIAuthenticationDialog.m */ = {isa = PBXFileReference; fileEncoding = 4; lastKnownFileType = sourcecode.c.objc; path = ASIAuthenticationDialog.m; sourceTree = "<group>"; };
		21B7F7A21447C31800F00403 /* ASICacheDelegate.h */ = {isa = PBXFileReference; fileEncoding = 4; lastKnownFileType = sourcecode.c.h; path = ASICacheDelegate.h; sourceTree = "<group>"; };
		21B7F7A31447C31800F00403 /* ASIDownloadCache.h */ = {isa = PBXFileReference; fileEncoding = 4; lastKnownFileType = sourcecode.c.h; path = ASIDownloadCache.h; sourceTree = "<group>"; };
		21B7F7A41447C31800F00403 /* ASIDownloadCache.m */ = {isa = PBXFileReference; fileEncoding = 4; lastKnownFileType = sourcecode.c.objc; path = ASIDownloadCache.m; sourceTree = "<group>"; };
		21B7F7A51447C31800F00403 /* ASIFormDataRequest.h */ = {isa = PBXFileReference; fileEncoding = 4; lastKnownFileType = sourcecode.c.h; path = ASIFormDataRequest.h; sourceTree = "<group>"; };
		21B7F7A61447C31800F00403 /* ASIFormDataRequest.m */ = {isa = PBXFileReference; fileEncoding = 4; lastKnownFileType = sourcecode.c.objc; path = ASIFormDataRequest.m; sourceTree = "<group>"; };
		21B7F7A71447C31800F00403 /* ASIHTTPRequest.h */ = {isa = PBXFileReference; fileEncoding = 4; lastKnownFileType = sourcecode.c.h; path = ASIHTTPRequest.h; sourceTree = "<group>"; };
		21B7F7A81447C31800F00403 /* ASIHTTPRequest.m */ = {isa = PBXFileReference; fileEncoding = 4; lastKnownFileType = sourcecode.c.objc; path = ASIHTTPRequest.m; sourceTree = "<group>"; };
		21B7F7A91447C31800F00403 /* ASIHTTPRequestConfig.h */ = {isa = PBXFileReference; fileEncoding = 4; lastKnownFileType = sourcecode.c.h; path = ASIHTTPRequestConfig.h; sourceTree = "<group>"; };
		21B7F7AA1447C31800F00403 /* ASIHTTPRequestDelegate.h */ = {isa = PBXFileReference; fileEncoding = 4; lastKnownFileType = sourcecode.c.h; path = ASIHTTPRequestDelegate.h; sourceTree = "<group>"; };
		21B7F7AB1447C31800F00403 /* ASIInputStream.h */ = {isa = PBXFileReference; fileEncoding = 4; lastKnownFileType = sourcecode.c.h; path = ASIInputStream.h; sourceTree = "<group>"; };
		21B7F7AC1447C31800F00403 /* ASIInputStream.m */ = {isa = PBXFileReference; fileEncoding = 4; lastKnownFileType = sourcecode.c.objc; path = ASIInputStream.m; sourceTree = "<group>"; };
		21B7F7AD1447C31800F00403 /* ASINetworkQueue.h */ = {isa = PBXFileReference; fileEncoding = 4; lastKnownFileType = sourcecode.c.h; path = ASINetworkQueue.h; sourceTree = "<group>"; };
		21B7F7AE1447C31800F00403 /* ASINetworkQueue.m */ = {isa = PBXFileReference; fileEncoding = 4; lastKnownFileType = sourcecode.c.objc; path = ASINetworkQueue.m; sourceTree = "<group>"; };
		21B7F7AF1447C31800F00403 /* ASIProgressDelegate.h */ = {isa = PBXFileReference; fileEncoding = 4; lastKnownFileType = sourcecode.c.h; path = ASIProgressDelegate.h; sourceTree = "<group>"; };
		21B7F7B11447C31800F00403 /* Reachability.h */ = {isa = PBXFileReference; fileEncoding = 4; lastKnownFileType = sourcecode.c.h; path = Reachability.h; sourceTree = "<group>"; };
		21B7F7B21447C31800F00403 /* Reachability.m */ = {isa = PBXFileReference; fileEncoding = 4; lastKnownFileType = sourcecode.c.objc; path = Reachability.m; sourceTree = "<group>"; };
		21BBF432143F1851001339A2 /* data2_hover.png */ = {isa = PBXFileReference; lastKnownFileType = image.png; path = data2_hover.png; sourceTree = "<group>"; };
		21BBF433143F1851001339A2 /* data2.png */ = {isa = PBXFileReference; lastKnownFileType = image.png; path = data2.png; sourceTree = "<group>"; };
		21BBF436143F187F001339A2 /* Icon.png */ = {isa = PBXFileReference; lastKnownFileType = image.png; path = Icon.png; sourceTree = "<group>"; };
		21BC034B143805DF00CE1192 /* LabelAndContent.h */ = {isa = PBXFileReference; fileEncoding = 4; lastKnownFileType = sourcecode.c.h; path = LabelAndContent.h; sourceTree = "<group>"; };
		21BC034C143805DF00CE1192 /* LabelAndContent.m */ = {isa = PBXFileReference; fileEncoding = 4; lastKnownFileType = sourcecode.c.objc; path = LabelAndContent.m; sourceTree = "<group>"; };
		21BCEC5B142F60AA00FB27BE /* AddFieldVC.h */ = {isa = PBXFileReference; fileEncoding = 4; lastKnownFileType = sourcecode.c.h; path = AddFieldVC.h; sourceTree = "<group>"; };
		21BCEC5C142F60AA00FB27BE /* AddFieldVC.m */ = {isa = PBXFileReference; fileEncoding = 4; lastKnownFileType = sourcecode.c.objc; path = AddFieldVC.m; sourceTree = "<group>"; };
		21BCEC61142F612A00FB27BE /* AddFieldVC.xib */ = {isa = PBXFileReference; lastKnownFileType = file.xib; path = AddFieldVC.xib; sourceTree = "<group>"; };
		21BDAF32144B14E300B263FE /* LayerGroup.h */ = {isa = PBXFileReference; fileEncoding = 4; lastKnownFileType = sourcecode.c.h; path = LayerGroup.h; sourceTree = "<group>"; };
		21BDAF33144B14E300B263FE /* LayerGroup.m */ = {isa = PBXFileReference; fileEncoding = 4; lastKnownFileType = sourcecode.c.objc; path = LayerGroup.m; sourceTree = "<group>"; };
		21BDAF3B144B15E400B263FE /* gl_blueAll.png */ = {isa = PBXFileReference; lastKnownFileType = image.png; path = gl_blueAll.png; sourceTree = "<group>"; };
		21BDAF3C144B15E400B263FE /* gl_leftArrow.png */ = {isa = PBXFileReference; lastKnownFileType = image.png; path = gl_leftArrow.png; sourceTree = "<group>"; };
		21C941E7143951FB00EE7AAC /* RecommendVC.h */ = {isa = PBXFileReference; fileEncoding = 4; lastKnownFileType = sourcecode.c.h; path = RecommendVC.h; sourceTree = "<group>"; };
		21C941E8143951FB00EE7AAC /* RecommendVC.m */ = {isa = PBXFileReference; fileEncoding = 4; lastKnownFileType = sourcecode.c.objc; path = RecommendVC.m; sourceTree = "<group>"; };
		21C941E9143951FB00EE7AAC /* RecommendVC.xib */ = {isa = PBXFileReference; lastKnownFileType = file.xib; path = RecommendVC.xib; sourceTree = "<group>"; };
		21C9426414395A0A00EE7AAC /* Memo.h */ = {isa = PBXFileReference; fileEncoding = 4; lastKnownFileType = sourcecode.c.h; path = Memo.h; sourceTree = "<group>"; };
		21C9426514395A0A00EE7AAC /* Memo.m */ = {isa = PBXFileReference; fileEncoding = 4; lastKnownFileType = sourcecode.c.objc; path = Memo.m; sourceTree = "<group>"; };
		21C9426614395A0A00EE7AAC /* Memo.xib */ = {isa = PBXFileReference; lastKnownFileType = file.xib; path = Memo.xib; sourceTree = "<group>"; };
		21D256E1142B806E00306515 /* background.png */ = {isa = PBXFileReference; lastKnownFileType = image.png; path = background.png; sourceTree = "<group>"; };
		21D2577C142B889700306515 /* backup.png */ = {isa = PBXFileReference; lastKnownFileType = image.png; path = backup.png; sourceTree = "<group>"; };
		21D2577D142B889700306515 /* backup_hover.png */ = {isa = PBXFileReference; lastKnownFileType = image.png; path = backup_hover.png; sourceTree = "<group>"; };
		21D2577E142B889700306515 /* sync_account.png */ = {isa = PBXFileReference; lastKnownFileType = image.png; path = sync_account.png; sourceTree = "<group>"; };
		21D2577F142B889700306515 /* sync_account_hover.png */ = {isa = PBXFileReference; lastKnownFileType = image.png; path = sync_account_hover.png; sourceTree = "<group>"; };
		21D25780142B889700306515 /* synchronous.png */ = {isa = PBXFileReference; lastKnownFileType = image.png; path = synchronous.png; sourceTree = "<group>"; };
		21D25781142B889700306515 /* synchronous_hover.png */ = {isa = PBXFileReference; lastKnownFileType = image.png; path = synchronous_hover.png; sourceTree = "<group>"; };
		21D798B414473EAC004B1CFA /* serviceListVC.h */ = {isa = PBXFileReference; fileEncoding = 4; lastKnownFileType = sourcecode.c.h; path = serviceListVC.h; sourceTree = "<group>"; };
		21D798B514473EAC004B1CFA /* serviceListVC.m */ = {isa = PBXFileReference; fileEncoding = 4; lastKnownFileType = sourcecode.c.objc; path = serviceListVC.m; sourceTree = "<group>"; };
		21D798B614473EAC004B1CFA /* serviceListVC.xib */ = {isa = PBXFileReference; lastKnownFileType = file.xib; path = serviceListVC.xib; sourceTree = "<group>"; };
		21D798B914473EBC004B1CFA /* serviceInfo.h */ = {isa = PBXFileReference; fileEncoding = 4; lastKnownFileType = sourcecode.c.h; path = serviceInfo.h; sourceTree = "<group>"; };
		21D798BA14473EBC004B1CFA /* serviceInfo.m */ = {isa = PBXFileReference; fileEncoding = 4; lastKnownFileType = sourcecode.c.objc; path = serviceInfo.m; sourceTree = "<group>"; };
		21D798BB14473EBC004B1CFA /* serviceInfo.xib */ = {isa = PBXFileReference; lastKnownFileType = file.xib; path = serviceInfo.xib; sourceTree = "<group>"; };
		21E206EB1430CB8B00DE2CDB /* CAttributeRecommend.h */ = {isa = PBXFileReference; fileEncoding = 4; lastKnownFileType = sourcecode.c.h; path = CAttributeRecommend.h; sourceTree = "<group>"; };
		21E206EC1430CB8B00DE2CDB /* CAttributeRecommend.m */ = {isa = PBXFileReference; fileEncoding = 4; lastKnownFileType = sourcecode.c.objc; path = CAttributeRecommend.m; sourceTree = "<group>"; };
		21E27DBA143AB20D00A3F124 /* btn_3black.png */ = {isa = PBXFileReference; lastKnownFileType = image.png; path = btn_3black.png; sourceTree = "<group>"; };
		21E27DBB143AB20D00A3F124 /* btn_3blue.png */ = {isa = PBXFileReference; lastKnownFileType = image.png; path = btn_3blue.png; sourceTree = "<group>"; };
		21E27DBC143AB20D00A3F124 /* btn_3hover.png */ = {isa = PBXFileReference; lastKnownFileType = image.png; path = btn_3hover.png; sourceTree = "<group>"; };
		21E27DBD143AB20D00A3F124 /* btn_3red.png */ = {isa = PBXFileReference; lastKnownFileType = image.png; path = btn_3red.png; sourceTree = "<group>"; };
		21E27DBE143AB20D00A3F124 /* index_checkBox_bg.png */ = {isa = PBXFileReference; lastKnownFileType = image.png; path = index_checkBox_bg.png; sourceTree = "<group>"; };
		21E27DC4143AB23D00A3F124 /* CheckBox.h */ = {isa = PBXFileReference; fileEncoding = 4; lastKnownFileType = sourcecode.c.h; path = CheckBox.h; sourceTree = "<group>"; };
		21E27DC5143AB23D00A3F124 /* CheckBox.m */ = {isa = PBXFileReference; fileEncoding = 4; lastKnownFileType = sourcecode.c.objc; path = CheckBox.m; sourceTree = "<group>"; };
		21E27E3B143AD27C00A3F124 /* checkBox_hover.png */ = {isa = PBXFileReference; lastKnownFileType = image.png; path = checkBox_hover.png; sourceTree = "<group>"; };
		21E27E3C143AD27C00A3F124 /* checkBox.png */ = {isa = PBXFileReference; lastKnownFileType = image.png; path = checkBox.png; sourceTree = "<group>"; };
		21E27E3D143AD27C00A3F124 /* move.png */ = {isa = PBXFileReference; lastKnownFileType = image.png; path = move.png; sourceTree = "<group>"; };
		21E5ADFD141DEE6C00B5EBA5 /* leftBar_bg.png */ = {isa = PBXFileReference; lastKnownFileType = image.png; path = leftBar_bg.png; sourceTree = "<group>"; };
		21E5ADFE141DEE6C00B5EBA5 /* leftBar_group_bg.png */ = {isa = PBXFileReference; lastKnownFileType = image.png; path = leftBar_group_bg.png; sourceTree = "<group>"; };
		21E5ADFF141DEE6C00B5EBA5 /* leftBar_group_number.png */ = {isa = PBXFileReference; lastKnownFileType = image.png; path = leftBar_group_number.png; sourceTree = "<group>"; };
		21E5AE82141DF56100B5EBA5 /* CustomDatePicker.h */ = {isa = PBXFileReference; fileEncoding = 4; lastKnownFileType = sourcecode.c.h; path = CustomDatePicker.h; sourceTree = "<group>"; };
		21E5AE83141DF56100B5EBA5 /* CustomDatePicker.m */ = {isa = PBXFileReference; fileEncoding = 4; lastKnownFileType = sourcecode.c.objc; path = CustomDatePicker.m; sourceTree = "<group>"; };
		21E5AE8C141DF5DC00B5EBA5 /* GroupItemView.h */ = {isa = PBXFileReference; fileEncoding = 4; lastKnownFileType = sourcecode.c.h; path = GroupItemView.h; sourceTree = "<group>"; };
		21E5AE8D141DF5DC00B5EBA5 /* GroupItemView.m */ = {isa = PBXFileReference; fileEncoding = 4; lastKnownFileType = sourcecode.c.objc; path = GroupItemView.m; sourceTree = "<group>"; };
		21E712D713E3F13700BF47E6 /* PublicData.h */ = {isa = PBXFileReference; fileEncoding = 4; lastKnownFileType = sourcecode.c.h; path = PublicData.h; sourceTree = "<group>"; };
		21E712D813E3F13700BF47E6 /* PublicData.m */ = {isa = PBXFileReference; fileEncoding = 4; lastKnownFileType = sourcecode.c.objc; path = PublicData.m; sourceTree = "<group>"; };
		21E712F313E3F3E700BF47E6 /* QuartzCore.framework */ = {isa = PBXFileReference; lastKnownFileType = wrapper.framework; name = QuartzCore.framework; path = System/Library/Frameworks/QuartzCore.framework; sourceTree = SDKROOT; };
		21E7131913E3F52900BF47E6 /* AddressBookVC.h */ = {isa = PBXFileReference; fileEncoding = 4; lastKnownFileType = sourcecode.c.h; path = AddressBookVC.h; sourceTree = "<group>"; };
		21E7131A13E3F52900BF47E6 /* AddressBookVC.m */ = {isa = PBXFileReference; fileEncoding = 4; lastKnownFileType = sourcecode.c.objc; path = AddressBookVC.m; sourceTree = "<group>"; };
		21E7131C13E3F56000BF47E6 /* syncVC.h */ = {isa = PBXFileReference; fileEncoding = 4; lastKnownFileType = sourcecode.c.h; path = syncVC.h; sourceTree = "<group>"; };
		21E7131D13E3F56000BF47E6 /* syncVC.m */ = {isa = PBXFileReference; fileEncoding = 4; lastKnownFileType = sourcecode.c.objc; path = syncVC.m; sourceTree = "<group>"; };
		21E7131F13E3F58700BF47E6 /* statisticsVC.h */ = {isa = PBXFileReference; fileEncoding = 4; lastKnownFileType = sourcecode.c.h; path = statisticsVC.h; sourceTree = "<group>"; };
		21E7132013E3F58700BF47E6 /* statisticsVC.m */ = {isa = PBXFileReference; fileEncoding = 4; lastKnownFileType = sourcecode.c.objc; path = statisticsVC.m; sourceTree = "<group>"; };
		21E7132213E3F5D300BF47E6 /* memoVC.h */ = {isa = PBXFileReference; fileEncoding = 4; lastKnownFileType = sourcecode.c.h; path = memoVC.h; sourceTree = "<group>"; };
		21E7132313E3F5D300BF47E6 /* memoVC.m */ = {isa = PBXFileReference; fileEncoding = 4; lastKnownFileType = sourcecode.c.objc; path = memoVC.m; sourceTree = "<group>"; };
		21E7132513E3F5E800BF47E6 /* moreVC.h */ = {isa = PBXFileReference; fileEncoding = 4; lastKnownFileType = sourcecode.c.h; path = moreVC.h; sourceTree = "<group>"; };
		21E7132613E3F5E800BF47E6 /* moreVC.m */ = {isa = PBXFileReference; fileEncoding = 4; lastKnownFileType = sourcecode.c.objc; path = moreVC.m; sourceTree = "<group>"; };
		21E7132A13E3F60900BF47E6 /* AddressBookVC.xib */ = {isa = PBXFileReference; lastKnownFileType = file.xib; path = AddressBookVC.xib; sourceTree = "<group>"; };
		21E7135513E3F8DC00BF47E6 /* syncVC.xib */ = {isa = PBXFileReference; lastKnownFileType = file.xib; path = syncVC.xib; sourceTree = "<group>"; };
		21E7135613E3F8DC00BF47E6 /* statisticsVC.xib */ = {isa = PBXFileReference; lastKnownFileType = file.xib; path = statisticsVC.xib; sourceTree = "<group>"; };
		21E7135713E3F8DC00BF47E6 /* memoVC.xib */ = {isa = PBXFileReference; lastKnownFileType = file.xib; path = memoVC.xib; sourceTree = "<group>"; };
		21E7135813E3F8DC00BF47E6 /* moreVC.xib */ = {isa = PBXFileReference; lastKnownFileType = file.xib; path = moreVC.xib; sourceTree = "<group>"; };
		21E83D711445C8DA00881E49 /* Default.png */ = {isa = PBXFileReference; lastKnownFileType = image.png; path = Default.png; sourceTree = "<group>"; };
		21E83D7E1445CB5200881E49 /* aboutVC.h */ = {isa = PBXFileReference; fileEncoding = 4; lastKnownFileType = sourcecode.c.h; path = aboutVC.h; sourceTree = "<group>"; };
		21E83D7F1445CB5200881E49 /* aboutVC.m */ = {isa = PBXFileReference; fileEncoding = 4; lastKnownFileType = sourcecode.c.objc; path = aboutVC.m; sourceTree = "<group>"; };
		21E83D801445CB5200881E49 /* aboutVC.xib */ = {isa = PBXFileReference; lastKnownFileType = file.xib; path = aboutVC.xib; sourceTree = "<group>"; };
		21E83D861445CC6B00881E49 /* about_bg.png */ = {isa = PBXFileReference; lastKnownFileType = image.png; path = about_bg.png; sourceTree = "<group>"; };
		21E83D9F1445D2B200881E49 /* helpVC.h */ = {isa = PBXFileReference; fileEncoding = 4; lastKnownFileType = sourcecode.c.h; path = helpVC.h; sourceTree = "<group>"; };
		21E83DA01445D2B200881E49 /* helpVC.m */ = {isa = PBXFileReference; fileEncoding = 4; lastKnownFileType = sourcecode.c.objc; path = helpVC.m; sourceTree = "<group>"; };
		21E83DA11445D2B200881E49 /* helpVC.xib */ = {isa = PBXFileReference; lastKnownFileType = file.xib; path = helpVC.xib; sourceTree = "<group>"; };
		21E83DBA1445D5F300881E49 /* help.txt */ = {isa = PBXFileReference; fileEncoding = 4; lastKnownFileType = text; path = help.txt; sourceTree = "<group>"; };
		21EF12C81441EE91003DA8D0 /* MemoCheckBox.h */ = {isa = PBXFileReference; fileEncoding = 4; lastKnownFileType = sourcecode.c.h; path = MemoCheckBox.h; sourceTree = "<group>"; };
		21EF12C91441EE91003DA8D0 /* MemoCheckBox.m */ = {isa = PBXFileReference; fileEncoding = 4; lastKnownFileType = sourcecode.c.objc; path = MemoCheckBox.m; sourceTree = "<group>"; };
		21F57BC614278AA40099BEB5 /* CAttributeCell.h */ = {isa = PBXFileReference; fileEncoding = 4; lastKnownFileType = sourcecode.c.h; path = CAttributeCell.h; sourceTree = "<group>"; };
		21F57BC714278AA40099BEB5 /* CAttributeCell.m */ = {isa = PBXFileReference; fileEncoding = 4; lastKnownFileType = sourcecode.c.objc; path = CAttributeCell.m; sourceTree = "<group>"; };
		21F57BC814278AA40099BEB5 /* EditableCell.h */ = {isa = PBXFileReference; fileEncoding = 4; lastKnownFileType = sourcecode.c.h; path = EditableCell.h; sourceTree = "<group>"; };
		21F57BC914278AA40099BEB5 /* EditableCell.m */ = {isa = PBXFileReference; fileEncoding = 4; lastKnownFileType = sourcecode.c.objc; path = EditableCell.m; sourceTree = "<group>"; };
		21F57BD114278CD40099BEB5 /* CAttribute.h */ = {isa = PBXFileReference; fileEncoding = 4; lastKnownFileType = sourcecode.c.h; path = CAttribute.h; sourceTree = "<group>"; };
		21F57BD214278CD40099BEB5 /* CAttribute.m */ = {isa = PBXFileReference; fileEncoding = 4; lastKnownFileType = sourcecode.c.objc; path = CAttribute.m; sourceTree = "<group>"; };
		21F57BD314278CD40099BEB5 /* CAttributeContainer.h */ = {isa = PBXFileReference; fileEncoding = 4; lastKnownFileType = sourcecode.c.h; path = CAttributeContainer.h; sourceTree = "<group>"; };
		21F57BD414278CD40099BEB5 /* CAttributeContainer.m */ = {isa = PBXFileReference; fileEncoding = 4; lastKnownFileType = sourcecode.c.objc; path = CAttributeContainer.m; sourceTree = "<group>"; };
		21F57BD514278CD40099BEB5 /* CAttributeString.h */ = {isa = PBXFileReference; fileEncoding = 4; lastKnownFileType = sourcecode.c.h; path = CAttributeString.h; sourceTree = "<group>"; };
		21F57BD614278CD40099BEB5 /* CAttributeString.m */ = {isa = PBXFileReference; fileEncoding = 4; lastKnownFileType = sourcecode.c.objc; path = CAttributeString.m; sourceTree = "<group>"; };
		21FFC2AC142F1185006DB72C /* CAttributeMemo.h */ = {isa = PBXFileReference; fileEncoding = 4; lastKnownFileType = sourcecode.c.h; path = CAttributeMemo.h; sourceTree = "<group>"; };
		21FFC2AD142F1185006DB72C /* CAttributeMemo.m */ = {isa = PBXFileReference; fileEncoding = 4; lastKnownFileType = sourcecode.c.objc; path = CAttributeMemo.m; sourceTree = "<group>"; };
		288765FC0DF74451002DB57D /* CoreGraphics.framework */ = {isa = PBXFileReference; lastKnownFileType = wrapper.framework; name = CoreGraphics.framework; path = System/Library/Frameworks/CoreGraphics.framework; sourceTree = SDKROOT; };
		28AD733E0D9D9553002E5188 /* MainWindow.xib */ = {isa = PBXFileReference; lastKnownFileType = file.xib; path = MainWindow.xib; sourceTree = "<group>"; };
		29B97316FDCFA39411CA2CEA /* main.m */ = {isa = PBXFileReference; fileEncoding = 4; lastKnownFileType = sourcecode.c.objc; path = main.m; sourceTree = "<group>"; };
		32CA4F630368D1EE00C91783 /* AddressBook_Prefix.pch */ = {isa = PBXFileReference; fileEncoding = 4; lastKnownFileType = sourcecode.c.h; path = AddressBook_Prefix.pch; sourceTree = "<group>"; };
		63458B2213E7A32400338243 /* AddressBook.framework */ = {isa = PBXFileReference; lastKnownFileType = wrapper.framework; name = AddressBook.framework; path = System/Library/Frameworks/AddressBook.framework; sourceTree = SDKROOT; };
		63458B2413E7A32400338243 /* AddressBookUI.framework */ = {isa = PBXFileReference; lastKnownFileType = wrapper.framework; name = AddressBookUI.framework; path = System/Library/Frameworks/AddressBookUI.framework; sourceTree = SDKROOT; };
		63458B5713E7B73D00338243 /* contactsInfo.h */ = {isa = PBXFileReference; fileEncoding = 4; lastKnownFileType = sourcecode.c.h; path = contactsInfo.h; sourceTree = "<group>"; };
		63458B5813E7B73D00338243 /* contactsInfo.m */ = {isa = PBXFileReference; fileEncoding = 4; lastKnownFileType = sourcecode.c.objc; path = contactsInfo.m; sourceTree = "<group>"; };
		8D1107310486CEB800E47090 /* AddressBook-Info.plist */ = {isa = PBXFileReference; fileEncoding = 4; lastKnownFileType = text.plist.xml; path = "AddressBook-Info.plist"; plistStructureDefinitionIdentifier = "com.apple.xcode.plist.structure-definition.iphone.info-plist"; sourceTree = "<group>"; };
/* End PBXFileReference section */

/* Begin PBXFrameworksBuildPhase section */
		1D60588F0D05DD3D006BFB54 /* Frameworks */ = {
			isa = PBXFrameworksBuildPhase;
			buildActionMask = 2147483647;
			files = (
				1D60589F0D05DD5A006BFB54 /* Foundation.framework in Frameworks */,
				1DF5F4E00D08C38300B7A737 /* UIKit.framework in Frameworks */,
				288765FD0DF74451002DB57D /* CoreGraphics.framework in Frameworks */,
				21E712F413E3F3E700BF47E6 /* QuartzCore.framework in Frameworks */,
				219D999713E507B500506FCB /* libsqlite3.0.dylib in Frameworks */,
				219D999913E507D600506FCB /* libxml2.dylib in Frameworks */,
				63458B2313E7A32400338243 /* AddressBook.framework in Frameworks */,
				63458B2513E7A32400338243 /* AddressBookUI.framework in Frameworks */,
				219C4F661409F2A600455CD6 /* CFNetwork.framework in Frameworks */,
				210876DC1424D71000159CC2 /* EventKit.framework in Frameworks */,
				210876DE1424D71000159CC2 /* EventKitUI.framework in Frameworks */,
				21907B101446FEBE00C8385F /* MobileCoreServices.framework in Frameworks */,
				21907B141446FED000C8385F /* SystemConfiguration.framework in Frameworks */,
				21907B1A1446FEEF00C8385F /* OpenGLES.framework in Frameworks */,
				21907B201446FF3100C8385F /* libz.dylib in Frameworks */,
			);
			runOnlyForDeploymentPostprocessing = 0;
		};
/* End PBXFrameworksBuildPhase section */

/* Begin PBXGroup section */
		080E96DDFE201D6D7F000001 /* Classes */ = {
			isa = PBXGroup;
			children = (
				219D996A13E506E900506FCB /* model */,
				21E712CE13E3EFDF00BF47E6 /* Controllers */,
				1D3623240D0F684500981E51 /* AddressBookAppDelegate.h */,
				1D3623250D0F684500981E51 /* AddressBookAppDelegate.m */,
				21E712D713E3F13700BF47E6 /* PublicData.h */,
				21E712D813E3F13700BF47E6 /* PublicData.m */,
			);
			path = Classes;
			sourceTree = "<group>";
		};
		19C28FACFE9D520D11CA2CBB /* Products */ = {
			isa = PBXGroup;
			children = (
				1D6058910D05DD3D006BFB54 /* AddressBook.app */,
			);
			name = Products;
			sourceTree = "<group>";
		};
		211BFDE5141FA06F009C1EA5 /* AddressData */ = {
			isa = PBXGroup;
			children = (
				211BFDE6141FA06F009C1EA5 /* ABContact.h */,
				211BFDE7141FA06F009C1EA5 /* ABContact.m */,
				211BFDE8141FA06F009C1EA5 /* ABContactsHelper.h */,
				211BFDE9141FA06F009C1EA5 /* ABContactsHelper.m */,
				211BFDEA141FA06F009C1EA5 /* ABGroup.h */,
				211BFDEB141FA06F009C1EA5 /* ABGroup.m */,
				211BFDEC141FA06F009C1EA5 /* ContactData.h */,
				211BFDED141FA06F009C1EA5 /* ContactData.m */,
			);
			path = AddressData;
			sourceTree = "<group>";
		};
		218738F9141B6C52007D64B4 /* addressbook */ = {
			isa = PBXGroup;
			children = (
				21BDAF3B144B15E400B263FE /* gl_blueAll.png */,
				21BDAF3C144B15E400B263FE /* gl_leftArrow.png */,
				21E27E3B143AD27C00A3F124 /* checkBox_hover.png */,
				21E27E3C143AD27C00A3F124 /* checkBox.png */,
				21E27E3D143AD27C00A3F124 /* move.png */,
				21E27DBA143AB20D00A3F124 /* btn_3black.png */,
				21E27DBB143AB20D00A3F124 /* btn_3blue.png */,
				21E27DBC143AB20D00A3F124 /* btn_3hover.png */,
				21E27DBD143AB20D00A3F124 /* btn_3red.png */,
				21E27DBE143AB20D00A3F124 /* index_checkBox_bg.png */,
				210878341424F34B00159CC2 /* head_big.png */,
				210878351424F34B00159CC2 /* head.png */,
				21E5ADFD141DEE6C00B5EBA5 /* leftBar_bg.png */,
				21E5ADFE141DEE6C00B5EBA5 /* leftBar_group_bg.png */,
				21E5ADFF141DEE6C00B5EBA5 /* leftBar_group_number.png */,
			);
			path = addressbook;
			sourceTree = "<group>";
		};
		218738FA141B6C52007D64B4 /* common */ = {
			isa = PBXGroup;
			children = (
				21D256E1142B806E00306515 /* background.png */,
				2104CFC01423929C0004FB9A /* arrow.png */,
				218738FB141B6C52007D64B4 /* bottom_icon_contacts.png */,
				218738FC141B6C52007D64B4 /* bottom_icon_memo.png */,
				218738FD141B6C52007D64B4 /* bottom_icon_more.png */,
				218738FE141B6C52007D64B4 /* bottom_icon_statistics.png */,
				218738FF141B6C52007D64B4 /* bottom_icon_sync.png */,
			);
			path = common;
			sourceTree = "<group>";
		};
		219079D21446FDC800C8385F /* ASIHTTP */ = {
			isa = PBXGroup;
			children = (
				21B7F7A01447C31800F00403 /* ASIAuthenticationDialog.h */,
				21B7F7A11447C31800F00403 /* ASIAuthenticationDialog.m */,
				21B7F7A21447C31800F00403 /* ASICacheDelegate.h */,
				21B7F7A31447C31800F00403 /* ASIDownloadCache.h */,
				21B7F7A41447C31800F00403 /* ASIDownloadCache.m */,
				21B7F7A51447C31800F00403 /* ASIFormDataRequest.h */,
				21B7F7A61447C31800F00403 /* ASIFormDataRequest.m */,
				21B7F7A71447C31800F00403 /* ASIHTTPRequest.h */,
				21B7F7A81447C31800F00403 /* ASIHTTPRequest.m */,
				21B7F7A91447C31800F00403 /* ASIHTTPRequestConfig.h */,
				21B7F7AA1447C31800F00403 /* ASIHTTPRequestDelegate.h */,
				21B7F7AB1447C31800F00403 /* ASIInputStream.h */,
				21B7F7AC1447C31800F00403 /* ASIInputStream.m */,
				21B7F7AD1447C31800F00403 /* ASINetworkQueue.h */,
				21B7F7AE1447C31800F00403 /* ASINetworkQueue.m */,
				21B7F7AF1447C31800F00403 /* ASIProgressDelegate.h */,
				21B7F7B01447C31800F00403 /* Reachability */,
			);
			path = ASIHTTP;
			sourceTree = "<group>";
		};
		219D996A13E506E900506FCB /* model */ = {
			isa = PBXGroup;
			children = (
				219079D21446FDC800C8385F /* ASIHTTP */,
				21F57BD014278CD40099BEB5 /* Attribute */,
				211BFDE5141FA06F009C1EA5 /* AddressData */,
				21E5AE7F141DF56100B5EBA5 /* CustView */,
				219D996B13E506E900506FCB /* DB */,
				63458B5713E7B73D00338243 /* contactsInfo.h */,
				63458B5813E7B73D00338243 /* contactsInfo.m */,
				21A2AE4113F66FD80051F3D7 /* memoInfo.h */,
				21A2AE4213F66FD80051F3D7 /* memoInfo.m */,
				21BC034B143805DF00CE1192 /* LabelAndContent.h */,
				21BC034C143805DF00CE1192 /* LabelAndContent.m */,
				211BFDAF141F9B10009C1EA5 /* pinyin.c */,
				211BFDB0141F9B10009C1EA5 /* pinyin.h */,
				210876271424C3A400159CC2 /* ModalAlert.h */,
				210876281424C3A400159CC2 /* ModalAlert.m */,
				210F641A14092C8600ABC90F /* FtpUpLoad.h */,
				210F641B14092C8600ABC90F /* FtpUpLoad.m */,
				219C500B140A054500455CD6 /* FtpGet.h */,
				219C500C140A054500455CD6 /* FtpGet.m */,
				21A70A9814492E6000C451E6 /* RuleCheck.h */,
				21A70A9914492E6000C451E6 /* RuleCheck.m */,
			);
			path = model;
			sourceTree = "<group>";
		};
		219D996B13E506E900506FCB /* DB */ = {
			isa = PBXGroup;
			children = (
				219D996C13E506E900506FCB /* DBConnection.h */,
				219D996D13E506E900506FCB /* DBConnection.m */,
				219D996E13E506E900506FCB /* Statement.h */,
				219D996F13E506E900506FCB /* Statement.m */,
				2176A7ED13E5705700944254 /* ImageStore.h */,
				2176A7EE13E5705700944254 /* ImageStore.m */,
				2176A7F013E5708500944254 /* DataStore.h */,
				2176A7F113E5708500944254 /* DataStore.m */,
			);
			path = DB;
			sourceTree = "<group>";
		};
		219D99B913E5163100506FCB /* image */ = {
			isa = PBXGroup;
			children = (
				21E83D851445CC6B00881E49 /* more */,
				219E3423143D642900F1F111 /* memo */,
				21D2577B142B889700306515 /* sync */,
				218738F9141B6C52007D64B4 /* addressbook */,
				218738FA141B6C52007D64B4 /* common */,
				219D99BB13E5163100506FCB /* image01_kuang.png */,
				219D99BC13E5163100506FCB /* image02_kuang.png */,
				219D99BD13E5163100506FCB /* image03_kuang.png */,
				219D99BE13E5163100506FCB /* image04_kuang.png */,
				219D99BF13E5163100506FCB /* image05_kuang.png */,
				219D99C013E5163100506FCB /* image06_kuang.png */,
				219D99C113E5163100506FCB /* image07_kuang.png */,
				219D99C213E5163100506FCB /* image08_kuang.png */,
				219D99C313E5163100506FCB /* image09_kuang.png */,
			);
			path = image;
			sourceTree = "<group>";
		};
		219D99D213E5168F00506FCB /* 通讯录 */ = {
			isa = PBXGroup;
			children = (
				21E7131913E3F52900BF47E6 /* AddressBookVC.h */,
				21E7131A13E3F52900BF47E6 /* AddressBookVC.m */,
				21E7132A13E3F60900BF47E6 /* AddressBookVC.xib */,
				216525F713E52F8F0075F387 /* AddressPreInfoVC.h */,
				216525F813E52F8F0075F387 /* AddressPreInfoVC.m */,
				2165260D13E531BA0075F387 /* AddressPreInfoVC.xib */,
				216525FA13E52FA30075F387 /* AddressBaseInfoVC.h */,
				216525FB13E52FA30075F387 /* AddressBaseInfoVC.m */,
				2165260F13E531D10075F387 /* AddressBaseInfoVC.xib */,
				211A09D713F57F8B001CDC70 /* AddressSeniorInfoVC.h */,
				211A09D813F57F8B001CDC70 /* AddressSeniorInfoVC.m */,
				211A09DC13F57FD0001CDC70 /* AddressSeniorInfoVC.xib */,
				219A42FD142D98B900594D2B /* AddressAddSeniorVC.h */,
				219A42FE142D98B900594D2B /* AddressAddSeniorVC.m */,
				219A42FF142D98B900594D2B /* AddressAddSeniorVC.xib */,
				21BCEC5B142F60AA00FB27BE /* AddFieldVC.h */,
				21BCEC5C142F60AA00FB27BE /* AddFieldVC.m */,
				21BCEC61142F612A00FB27BE /* AddFieldVC.xib */,
			);
			name = "通讯录";
			sourceTree = "<group>";
		};
		219D99D313E5169800506FCB /* 备忘录 */ = {
			isa = PBXGroup;
			children = (
				21E7132213E3F5D300BF47E6 /* memoVC.h */,
				21E7132313E3F5D300BF47E6 /* memoVC.m */,
				21E7135713E3F8DC00BF47E6 /* memoVC.xib */,
				21A2AD0513F650F90051F3D7 /* memoInfoVC.h */,
				21A2AD0613F650F90051F3D7 /* memoInfoVC.m */,
				21A2AD0813F6511B0051F3D7 /* memoInfoVC.xib */,
			);
			name = "备忘录";
			sourceTree = "<group>";
		};
		219D99D413E516BA00506FCB /* 同步备份 */ = {
			isa = PBXGroup;
			children = (
				21E7131C13E3F56000BF47E6 /* syncVC.h */,
				21E7131D13E3F56000BF47E6 /* syncVC.m */,
				21E7135513E3F8DC00BF47E6 /* syncVC.xib */,
				21A327C9142D7B6A00F62134 /* syncAccountVC.h */,
				21A327CA142D7B6A00F62134 /* syncAccountVC.m */,
				21A327CC142D7BE000F62134 /* syncAccountVC.xib */,
			);
			name = "同步备份";
			sourceTree = "<group>";
		};
		219D99D513E516E400506FCB /* 统计 */ = {
			isa = PBXGroup;
			children = (
				21E7131F13E3F58700BF47E6 /* statisticsVC.h */,
				21E7132013E3F58700BF47E6 /* statisticsVC.m */,
				21E7135613E3F8DC00BF47E6 /* statisticsVC.xib */,
				21B324D4144339F200A881E9 /* statisticsCheckVC.h */,
				21B324D5144339F200A881E9 /* statisticsCheckVC.m */,
				21B324D6144339F200A881E9 /* statisticsCheckVC.xib */,
			);
			name = "统计";
			sourceTree = "<group>";
		};
		219D99D613E5170F00506FCB /* 更多 */ = {
			isa = PBXGroup;
			children = (
				21E7132513E3F5E800BF47E6 /* moreVC.h */,
				21E7132613E3F5E800BF47E6 /* moreVC.m */,
				21E7135813E3F8DC00BF47E6 /* moreVC.xib */,
				21E83D7E1445CB5200881E49 /* aboutVC.h */,
				21E83D7F1445CB5200881E49 /* aboutVC.m */,
				21E83D801445CB5200881E49 /* aboutVC.xib */,
				21E83D9F1445D2B200881E49 /* helpVC.h */,
				21E83DA01445D2B200881E49 /* helpVC.m */,
				21E83DA11445D2B200881E49 /* helpVC.xib */,
				21907B461447039600C8385F /* adviceVC.h */,
				21907B471447039600C8385F /* adviceVC.m */,
				21907B481447039600C8385F /* adviceVC.xib */,
				21D798B414473EAC004B1CFA /* serviceListVC.h */,
				21D798B514473EAC004B1CFA /* serviceListVC.m */,
				21D798B614473EAC004B1CFA /* serviceListVC.xib */,
				21D798B914473EBC004B1CFA /* serviceInfo.h */,
				21D798BA14473EBC004B1CFA /* serviceInfo.m */,
				21D798BB14473EBC004B1CFA /* serviceInfo.xib */,
			);
			name = "更多";
			sourceTree = "<group>";
		};
		219E3423143D642900F1F111 /* memo */ = {
			isa = PBXGroup;
			children = (
				21BBF432143F1851001339A2 /* data2_hover.png */,
				21BBF433143F1851001339A2 /* data2.png */,
				219E3424143D642900F1F111 /* data.png */,
				219E3425143D642900F1F111 /* data_hover.png */,
			);
			path = memo;
			sourceTree = "<group>";
		};
		21B7F7B01447C31800F00403 /* Reachability */ = {
			isa = PBXGroup;
			children = (
				21B7F7B11447C31800F00403 /* Reachability.h */,
				21B7F7B21447C31800F00403 /* Reachability.m */,
			);
			path = Reachability;
			sourceTree = "<group>";
		};
		21D2577B142B889700306515 /* sync */ = {
			isa = PBXGroup;
			children = (
				21D2577C142B889700306515 /* backup.png */,
				21D2577D142B889700306515 /* backup_hover.png */,
				21D2577E142B889700306515 /* sync_account.png */,
				21D2577F142B889700306515 /* sync_account_hover.png */,
				21D25780142B889700306515 /* synchronous.png */,
				21D25781142B889700306515 /* synchronous_hover.png */,
			);
			path = sync;
			sourceTree = "<group>";
		};
		21E5AE7F141DF56100B5EBA5 /* CustView */ = {
			isa = PBXGroup;
			children = (
				2106B7FB142E169800F9DD6C /* TagVC.h */,
				2106B7FC142E169800F9DD6C /* TagVC.m */,
				2106B800142E16FF00F9DD6C /* TagVC.xib */,
				21C9426414395A0A00EE7AAC /* Memo.h */,
				21C9426514395A0A00EE7AAC /* Memo.m */,
				21C9426614395A0A00EE7AAC /* Memo.xib */,
				21E27DC4143AB23D00A3F124 /* CheckBox.h */,
				21E27DC5143AB23D00A3F124 /* CheckBox.m */,
				21EF12C81441EE91003DA8D0 /* MemoCheckBox.h */,
				21EF12C91441EE91003DA8D0 /* MemoCheckBox.m */,
				21C941E7143951FB00EE7AAC /* RecommendVC.h */,
				21C941E8143951FB00EE7AAC /* RecommendVC.m */,
				21C941E9143951FB00EE7AAC /* RecommendVC.xib */,
				21E5AE8C141DF5DC00B5EBA5 /* GroupItemView.h */,
				21E5AE8D141DF5DC00B5EBA5 /* GroupItemView.m */,
				21E5AE82141DF56100B5EBA5 /* CustomDatePicker.h */,
				21E5AE83141DF56100B5EBA5 /* CustomDatePicker.m */,
				212B47C214258D3B00DE4938 /* CustomPicker.h */,
				212B47C314258D3B00DE4938 /* CustomPicker.m */,
				21F57BC614278AA40099BEB5 /* CAttributeCell.h */,
				21F57BC714278AA40099BEB5 /* CAttributeCell.m */,
				216F72E01439D05100174368 /* TagCell.h */,
				216F72E11439D05100174368 /* TagCell.m */,
				21F57BC814278AA40099BEB5 /* EditableCell.h */,
				21F57BC914278AA40099BEB5 /* EditableCell.m */,
				21A6EF71143D507A0099B486 /* MemoCell.h */,
				21A6EF72143D507A0099B486 /* MemoCell.m */,
				2104CF8714238ECF0004FB9A /* ContactCell.h */,
				2104CF8814238ECF0004FB9A /* ContactCell.m */,
				21A32827142D819700F62134 /* syncButtonCell.h */,
				21A32828142D819700F62134 /* syncButtonCell.m */,
				219E3428143D646000F1F111 /* DateButton.h */,
				219E3429143D646000F1F111 /* DateButton.m */,
				211DC5C514409DF2002FDAF4 /* checkDateButton.h */,
				211DC5C614409DF2002FDAF4 /* checkDateButton.m */,
				21BDAF32144B14E300B263FE /* LayerGroup.h */,
				21BDAF33144B14E300B263FE /* LayerGroup.m */,
			);
			path = CustView;
			sourceTree = "<group>";
		};
		21E712CE13E3EFDF00BF47E6 /* Controllers */ = {
			isa = PBXGroup;
			children = (
				219D99D213E5168F00506FCB /* 通讯录 */,
				219D99D413E516BA00506FCB /* 同步备份 */,
				219D99D313E5169800506FCB /* 备忘录 */,
				219D99D513E516E400506FCB /* 统计 */,
				219D99D613E5170F00506FCB /* 更多 */,
			);
			path = Controllers;
			sourceTree = "<group>";
		};
		21E83D851445CC6B00881E49 /* more */ = {
			isa = PBXGroup;
			children = (
				21E83D861445CC6B00881E49 /* about_bg.png */,
			);
			path = more;
			sourceTree = "<group>";
		};
		21F57BD014278CD40099BEB5 /* Attribute */ = {
			isa = PBXGroup;
			children = (
				21F57BD114278CD40099BEB5 /* CAttribute.h */,
				21F57BD214278CD40099BEB5 /* CAttribute.m */,
				21F57BD314278CD40099BEB5 /* CAttributeContainer.h */,
				21F57BD414278CD40099BEB5 /* CAttributeContainer.m */,
				219A4370142DA69D00594D2B /* CAttributeGroup.h */,
				219A4371142DA69D00594D2B /* CAttributeGroup.m */,
				2106B87F142E252800F9DD6C /* CAttributeBlood.h */,
				2106B880142E252800F9DD6C /* CAttributeBlood.m */,
				2158386C1438B61B0034356B /* CAttributeConstellation.h */,
				2158386D1438B61B0034356B /* CAttributeConstellation.m */,
				21E206EB1430CB8B00DE2CDB /* CAttributeRecommend.h */,
				21E206EC1430CB8B00DE2CDB /* CAttributeRecommend.m */,
				216F730E1439D1C500174368 /* CAttributeRelate.h */,
				216F730F1439D1C500174368 /* CAttributeRelate.m */,
				21FFC2AC142F1185006DB72C /* CAttributeMemo.h */,
				21FFC2AD142F1185006DB72C /* CAttributeMemo.m */,
				21F57BD514278CD40099BEB5 /* CAttributeString.h */,
				21F57BD614278CD40099BEB5 /* CAttributeString.m */,
			);
			path = Attribute;
			sourceTree = "<group>";
		};
		29B97314FDCFA39411CA2CEA /* CustomTemplate */ = {
			isa = PBXGroup;
			children = (
				080E96DDFE201D6D7F000001 /* Classes */,
				29B97315FDCFA39411CA2CEA /* Other Sources */,
				29B97317FDCFA39411CA2CEA /* Resources */,
				29B97323FDCFA39411CA2CEA /* Frameworks */,
				19C28FACFE9D520D11CA2CBB /* Products */,
			);
			name = CustomTemplate;
			sourceTree = "<group>";
		};
		29B97315FDCFA39411CA2CEA /* Other Sources */ = {
			isa = PBXGroup;
			children = (
				32CA4F630368D1EE00C91783 /* AddressBook_Prefix.pch */,
				29B97316FDCFA39411CA2CEA /* main.m */,
			);
			name = "Other Sources";
			sourceTree = "<group>";
		};
		29B97317FDCFA39411CA2CEA /* Resources */ = {
			isa = PBXGroup;
			children = (
				21E83DBA1445D5F300881E49 /* help.txt */,
				21E83D711445C8DA00881E49 /* Default.png */,
				21BBF436143F187F001339A2 /* Icon.png */,
				219D99B913E5163100506FCB /* image */,
				219D997213E5070A00506FCB /* AddressBook.db */,
				28AD733E0D9D9553002E5188 /* MainWindow.xib */,
				8D1107310486CEB800E47090 /* AddressBook-Info.plist */,
			);
			name = Resources;
			sourceTree = "<group>";
		};
		29B97323FDCFA39411CA2CEA /* Frameworks */ = {
			isa = PBXGroup;
			children = (
				219D999613E507B500506FCB /* libsqlite3.0.dylib */,
				219D999813E507D600506FCB /* libxml2.dylib */,
				1DF5F4DF0D08C38300B7A737 /* UIKit.framework */,
				1D30AB110D05D00D00671497 /* Foundation.framework */,
				288765FC0DF74451002DB57D /* CoreGraphics.framework */,
				21E712F313E3F3E700BF47E6 /* QuartzCore.framework */,
				63458B2213E7A32400338243 /* AddressBook.framework */,
				63458B2413E7A32400338243 /* AddressBookUI.framework */,
				219C4F651409F2A600455CD6 /* CFNetwork.framework */,
				210876DB1424D71000159CC2 /* EventKit.framework */,
				210876DD1424D71000159CC2 /* EventKitUI.framework */,
				21907B0F1446FEBE00C8385F /* MobileCoreServices.framework */,
				21907B131446FED000C8385F /* SystemConfiguration.framework */,
				21907B191446FEEF00C8385F /* OpenGLES.framework */,
				21907B1F1446FF3100C8385F /* libz.dylib */,
			);
			name = Frameworks;
			sourceTree = "<group>";
		};
/* End PBXGroup section */

/* Begin PBXNativeTarget section */
		1D6058900D05DD3D006BFB54 /* AddressBook */ = {
			isa = PBXNativeTarget;
			buildConfigurationList = 1D6058960D05DD3E006BFB54 /* Build configuration list for PBXNativeTarget "AddressBook" */;
			buildPhases = (
				1D60588D0D05DD3D006BFB54 /* Resources */,
				1D60588E0D05DD3D006BFB54 /* Sources */,
				1D60588F0D05DD3D006BFB54 /* Frameworks */,
			);
			buildRules = (
			);
			dependencies = (
			);
			name = AddressBook;
			productName = AddressBook;
			productReference = 1D6058910D05DD3D006BFB54 /* AddressBook.app */;
			productType = "com.apple.product-type.application";
		};
/* End PBXNativeTarget section */

/* Begin PBXProject section */
		29B97313FDCFA39411CA2CEA /* Project object */ = {
			isa = PBXProject;
			buildConfigurationList = C01FCF4E08A954540054247B /* Build configuration list for PBXProject "AddressBook" */;
			compatibilityVersion = "Xcode 3.2";
			developmentRegion = English;
			hasScannedForEncodings = 1;
			knownRegions = (
				English,
				Japanese,
				French,
				German,
			);
			mainGroup = 29B97314FDCFA39411CA2CEA /* CustomTemplate */;
			projectDirPath = "";
			projectRoot = "";
			targets = (
				1D6058900D05DD3D006BFB54 /* AddressBook */,
			);
		};
/* End PBXProject section */

/* Begin PBXResourcesBuildPhase section */
		1D60588D0D05DD3D006BFB54 /* Resources */ = {
			isa = PBXResourcesBuildPhase;
			buildActionMask = 2147483647;
			files = (
				28AD733F0D9D9553002E5188 /* MainWindow.xib in Resources */,
				21E7132B13E3F60900BF47E6 /* AddressBookVC.xib in Resources */,
				21E7135913E3F8DC00BF47E6 /* syncVC.xib in Resources */,
				21E7135A13E3F8DC00BF47E6 /* statisticsVC.xib in Resources */,
				21E7135B13E3F8DC00BF47E6 /* memoVC.xib in Resources */,
				21E7135C13E3F8DC00BF47E6 /* moreVC.xib in Resources */,
				219D997313E5070A00506FCB /* AddressBook.db in Resources */,
				219D99C513E5163100506FCB /* image01_kuang.png in Resources */,
				219D99C613E5163100506FCB /* image02_kuang.png in Resources */,
				219D99C713E5163100506FCB /* image03_kuang.png in Resources */,
				219D99C813E5163100506FCB /* image04_kuang.png in Resources */,
				219D99C913E5163100506FCB /* image05_kuang.png in Resources */,
				219D99CA13E5163100506FCB /* image06_kuang.png in Resources */,
				219D99CB13E5163100506FCB /* image07_kuang.png in Resources */,
				219D99CC13E5163100506FCB /* image08_kuang.png in Resources */,
				219D99CD13E5163100506FCB /* image09_kuang.png in Resources */,
				2165260E13E531BA0075F387 /* AddressPreInfoVC.xib in Resources */,
				2165261013E531D10075F387 /* AddressBaseInfoVC.xib in Resources */,
				211A09DD13F57FD0001CDC70 /* AddressSeniorInfoVC.xib in Resources */,
				21A2AD0913F6511B0051F3D7 /* memoInfoVC.xib in Resources */,
				21873900141B6C52007D64B4 /* bottom_icon_contacts.png in Resources */,
				21873901141B6C52007D64B4 /* bottom_icon_memo.png in Resources */,
				21873902141B6C52007D64B4 /* bottom_icon_more.png in Resources */,
				21873903141B6C52007D64B4 /* bottom_icon_statistics.png in Resources */,
				21873904141B6C52007D64B4 /* bottom_icon_sync.png in Resources */,
				21E5AE00141DEE6C00B5EBA5 /* leftBar_bg.png in Resources */,
				21E5AE01141DEE6C00B5EBA5 /* leftBar_group_bg.png in Resources */,
				21E5AE02141DEE6C00B5EBA5 /* leftBar_group_number.png in Resources */,
				2104CFC11423929C0004FB9A /* arrow.png in Resources */,
				210878361424F34B00159CC2 /* head_big.png in Resources */,
				210878371424F34B00159CC2 /* head.png in Resources */,
				21D256E2142B806E00306515 /* background.png in Resources */,
				21D25782142B889700306515 /* backup.png in Resources */,
				21D25783142B889700306515 /* backup_hover.png in Resources */,
				21D25784142B889700306515 /* sync_account.png in Resources */,
				21D25785142B889700306515 /* sync_account_hover.png in Resources */,
				21D25786142B889700306515 /* synchronous.png in Resources */,
				21D25787142B889700306515 /* synchronous_hover.png in Resources */,
				21A327CD142D7BE000F62134 /* syncAccountVC.xib in Resources */,
				219A4301142D98B900594D2B /* AddressAddSeniorVC.xib in Resources */,
				2106B801142E16FF00F9DD6C /* TagVC.xib in Resources */,
				21BCEC62142F612A00FB27BE /* AddFieldVC.xib in Resources */,
				21C941EB143951FB00EE7AAC /* RecommendVC.xib in Resources */,
				21C9426814395A0A00EE7AAC /* Memo.xib in Resources */,
				21E27DBF143AB20D00A3F124 /* btn_3black.png in Resources */,
				21E27DC0143AB20D00A3F124 /* btn_3blue.png in Resources */,
				21E27DC1143AB20D00A3F124 /* btn_3hover.png in Resources */,
				21E27DC2143AB20D00A3F124 /* btn_3red.png in Resources */,
				21E27DC3143AB20D00A3F124 /* index_checkBox_bg.png in Resources */,
				21E27E3E143AD27C00A3F124 /* checkBox_hover.png in Resources */,
				21E27E3F143AD27C00A3F124 /* checkBox.png in Resources */,
				21E27E40143AD27C00A3F124 /* move.png in Resources */,
				219E3426143D642900F1F111 /* data.png in Resources */,
				219E3427143D642900F1F111 /* data_hover.png in Resources */,
				21BBF434143F1851001339A2 /* data2_hover.png in Resources */,
				21BBF435143F1851001339A2 /* data2.png in Resources */,
				21BBF437143F187F001339A2 /* Icon.png in Resources */,
				21B324D8144339F200A881E9 /* statisticsCheckVC.xib in Resources */,
				21E83D721445C8DA00881E49 /* Default.png in Resources */,
				21E83D821445CB5200881E49 /* aboutVC.xib in Resources */,
				21E83D871445CC6B00881E49 /* about_bg.png in Resources */,
				21E83DA31445D2B200881E49 /* helpVC.xib in Resources */,
				21E83DBB1445D5F300881E49 /* help.txt in Resources */,
				21907B4A1447039600C8385F /* adviceVC.xib in Resources */,
				21D798B814473EAC004B1CFA /* serviceListVC.xib in Resources */,
				21D798BD14473EBC004B1CFA /* serviceInfo.xib in Resources */,
				21BDAF3D144B15E400B263FE /* gl_blueAll.png in Resources */,
				21BDAF3E144B15E400B263FE /* gl_leftArrow.png in Resources */,
			);
			runOnlyForDeploymentPostprocessing = 0;
		};
/* End PBXResourcesBuildPhase section */

/* Begin PBXSourcesBuildPhase section */
		1D60588E0D05DD3D006BFB54 /* Sources */ = {
			isa = PBXSourcesBuildPhase;
			buildActionMask = 2147483647;
			files = (
				1D60589B0D05DD56006BFB54 /* main.m in Sources */,
				1D3623260D0F684500981E51 /* AddressBookAppDelegate.m in Sources */,
				21E712D913E3F13700BF47E6 /* PublicData.m in Sources */,
				21E7131B13E3F52900BF47E6 /* AddressBookVC.m in Sources */,
				21E7131E13E3F56000BF47E6 /* syncVC.m in Sources */,
				21E7132113E3F58700BF47E6 /* statisticsVC.m in Sources */,
				21E7132413E3F5D300BF47E6 /* memoVC.m in Sources */,
				21E7132713E3F5E800BF47E6 /* moreVC.m in Sources */,
				219D997013E506E900506FCB /* DBConnection.m in Sources */,
				219D997113E506E900506FCB /* Statement.m in Sources */,
				216525F913E52F8F0075F387 /* AddressPreInfoVC.m in Sources */,
				216525FC13E52FA30075F387 /* AddressBaseInfoVC.m in Sources */,
				2176A7EF13E5705700944254 /* ImageStore.m in Sources */,
				2176A7F213E5708500944254 /* DataStore.m in Sources */,
				63458B5913E7B73D00338243 /* contactsInfo.m in Sources */,
				211A09D913F57F8B001CDC70 /* AddressSeniorInfoVC.m in Sources */,
				21A2AD0713F650F90051F3D7 /* memoInfoVC.m in Sources */,
				21A2AE4313F66FD80051F3D7 /* memoInfo.m in Sources */,
				210F641C14092C8600ABC90F /* FtpUpLoad.m in Sources */,
				219C500D140A054500455CD6 /* FtpGet.m in Sources */,
				21E5AE88141DF56100B5EBA5 /* CustomDatePicker.m in Sources */,
				21E5AE8E141DF5DC00B5EBA5 /* GroupItemView.m in Sources */,
				211BFDB1141F9B10009C1EA5 /* pinyin.c in Sources */,
				211BFDEE141FA06F009C1EA5 /* ABContact.m in Sources */,
				211BFDEF141FA06F009C1EA5 /* ABContactsHelper.m in Sources */,
				211BFDF0141FA06F009C1EA5 /* ABGroup.m in Sources */,
				211BFDF1141FA06F009C1EA5 /* ContactData.m in Sources */,
				2104CF8914238ECF0004FB9A /* ContactCell.m in Sources */,
				210876291424C3A400159CC2 /* ModalAlert.m in Sources */,
				212B47C414258D3B00DE4938 /* CustomPicker.m in Sources */,
				21F57BCA14278AA40099BEB5 /* CAttributeCell.m in Sources */,
				21F57BCB14278AA40099BEB5 /* EditableCell.m in Sources */,
				21F57BD714278CD40099BEB5 /* CAttribute.m in Sources */,
				21F57BD814278CD40099BEB5 /* CAttributeContainer.m in Sources */,
				21F57BD914278CD40099BEB5 /* CAttributeString.m in Sources */,
				21A327CB142D7B6A00F62134 /* syncAccountVC.m in Sources */,
				21A32829142D819700F62134 /* syncButtonCell.m in Sources */,
				219A4300142D98B900594D2B /* AddressAddSeniorVC.m in Sources */,
				219A4372142DA69D00594D2B /* CAttributeGroup.m in Sources */,
				2106B7FD142E169800F9DD6C /* TagVC.m in Sources */,
				2106B881142E252800F9DD6C /* CAttributeBlood.m in Sources */,
				21FFC2AE142F1185006DB72C /* CAttributeMemo.m in Sources */,
				21BCEC5D142F60AA00FB27BE /* AddFieldVC.m in Sources */,
				21E206ED1430CB8B00DE2CDB /* CAttributeRecommend.m in Sources */,
				21BC034D143805DF00CE1192 /* LabelAndContent.m in Sources */,
				2158386E1438B61B0034356B /* CAttributeConstellation.m in Sources */,
				21C941EA143951FB00EE7AAC /* RecommendVC.m in Sources */,
				21C9426714395A0A00EE7AAC /* Memo.m in Sources */,
				216F72E21439D05100174368 /* TagCell.m in Sources */,
				216F73101439D1C500174368 /* CAttributeRelate.m in Sources */,
				21E27DC6143AB23D00A3F124 /* CheckBox.m in Sources */,
				21A6EF73143D507A0099B486 /* MemoCell.m in Sources */,
				219E342A143D646000F1F111 /* DateButton.m in Sources */,
				211DC5C714409DF2002FDAF4 /* checkDateButton.m in Sources */,
				21EF12CA1441EE91003DA8D0 /* MemoCheckBox.m in Sources */,
				21B324D7144339F200A881E9 /* statisticsCheckVC.m in Sources */,
				21E83D811445CB5200881E49 /* aboutVC.m in Sources */,
				21E83DA21445D2B200881E49 /* helpVC.m in Sources */,
				21907B491447039600C8385F /* adviceVC.m in Sources */,
				21D798B714473EAC004B1CFA /* serviceListVC.m in Sources */,
				21D798BC14473EBC004B1CFA /* serviceInfo.m in Sources */,
				21B7F7B31447C31800F00403 /* ASIAuthenticationDialog.m in Sources */,
				21B7F7B41447C31800F00403 /* ASIDownloadCache.m in Sources */,
				21B7F7B51447C31800F00403 /* ASIFormDataRequest.m in Sources */,
				21B7F7B61447C31800F00403 /* ASIHTTPRequest.m in Sources */,
				21B7F7B71447C31800F00403 /* ASIInputStream.m in Sources */,
				21B7F7B81447C31800F00403 /* ASINetworkQueue.m in Sources */,
				21B7F7B91447C31800F00403 /* Reachability.m in Sources */,
				21A70A9A14492E6000C451E6 /* RuleCheck.m in Sources */,
				21BDAF34144B14E300B263FE /* LayerGroup.m in Sources */,
			);
			runOnlyForDeploymentPostprocessing = 0;
		};
/* End PBXSourcesBuildPhase section */

/* Begin XCBuildConfiguration section */
		1D6058940D05DD3E006BFB54 /* Debug */ = {
			isa = XCBuildConfiguration;
			buildSettings = {
				ALWAYS_SEARCH_USER_PATHS = NO;
				CODE_SIGN_ENTITLEMENTS = "";
				COPY_PHASE_STRIP = NO;
				GCC_DYNAMIC_NO_PIC = NO;
				GCC_OPTIMIZATION_LEVEL = 0;
				GCC_PRECOMPILE_PREFIX_HEADER = YES;
				GCC_PREFIX_HEADER = AddressBook_Prefix.pch;
				INFOPLIST_FILE = "AddressBook-Info.plist";
				PRODUCT_NAME = AddressBook;
			};
			name = Debug;
		};
		1D6058950D05DD3E006BFB54 /* Release */ = {
			isa = XCBuildConfiguration;
			buildSettings = {
				ALWAYS_SEARCH_USER_PATHS = NO;
				CODE_SIGN_ENTITLEMENTS = "~/projects/AddressBook/Entitlements.plist";
				COPY_PHASE_STRIP = YES;
				GCC_PRECOMPILE_PREFIX_HEADER = YES;
				GCC_PREFIX_HEADER = AddressBook_Prefix.pch;
				INFOPLIST_FILE = "AddressBook-Info.plist";
				PRODUCT_NAME = AddressBook;
				VALIDATE_PRODUCT = YES;
			};
			name = Release;
		};
		C01FCF4F08A954540054247B /* Debug */ = {
			isa = XCBuildConfiguration;
			buildSettings = {
				ARCHS = "$(ARCHS_STANDARD_32_BIT)";
				"CODE_SIGN_IDENTITY[sdk=iphoneos*]" = "iPhone Developer";
				GCC_C_LANGUAGE_STANDARD = c99;
				GCC_WARN_ABOUT_RETURN_TYPE = YES;
				GCC_WARN_UNUSED_VARIABLE = YES;
				IPHONEOS_DEPLOYMENT_TARGET = 3.0;
				PREBINDING = NO;
				"PROVISIONING_PROFILE[sdk=iphoneos*]" = "";
				SDKROOT = iphoneos;
			};
			name = Debug;
		};
		C01FCF5008A954540054247B /* Release */ = {
			isa = XCBuildConfiguration;
			buildSettings = {
				ARCHS = "$(ARCHS_STANDARD_32_BIT)";
				"CODE_SIGN_IDENTITY[sdk=iphoneos*]" = "iPhone Developer: Aiming Jia (R47265F4JC)";
				GCC_C_LANGUAGE_STANDARD = c99;
				GCC_WARN_ABOUT_RETURN_TYPE = YES;
				GCC_WARN_UNUSED_VARIABLE = YES;
				IPHONEOS_DEPLOYMENT_TARGET = 3.0;
				OTHER_CFLAGS = "-DNS_BLOCK_ASSERTIONS=1";
				PREBINDING = NO;
				"PROVISIONING_PROFILE[sdk=iphoneos*]" = "C733A002-6BC0-4062-89D2-F116223AC086";
				SDKROOT = iphoneos;
			};
			name = Release;
		};
/* End XCBuildConfiguration section */

/* Begin XCConfigurationList section */
		1D6058960D05DD3E006BFB54 /* Build configuration list for PBXNativeTarget "AddressBook" */ = {
			isa = XCConfigurationList;
			buildConfigurations = (
				1D6058940D05DD3E006BFB54 /* Debug */,
				1D6058950D05DD3E006BFB54 /* Release */,
			);
			defaultConfigurationIsVisible = 0;
			defaultConfigurationName = Release;
		};
		C01FCF4E08A954540054247B /* Build configuration list for PBXProject "AddressBook" */ = {
			isa = XCConfigurationList;
			buildConfigurations = (
				C01FCF4F08A954540054247B /* Debug */,
				C01FCF5008A954540054247B /* Release */,
			);
			defaultConfigurationIsVisible = 0;
			defaultConfigurationName = Release;
		};
/* End XCConfigurationList section */
	};
	rootObject = 29B97313FDCFA39411CA2CEA /* Project object */;
}
