// !$*UTF8*$!
{
	archiveVersion = 1;
	classes = {
	};
	objectVersion = 46;
	objects = {

/* Begin PBXBuildFile section */
		1D3623260D0F684500981E51 /* chatRoomAppDelegate.m in Sources */ = {isa = PBXBuildFile; fileRef = 1D3623250D0F684500981E51 /* chatRoomAppDelegate.m */; };
		1D60589B0D05DD56006BFB54 /* main.m in Sources */ = {isa = PBXBuildFile; fileRef = 29B97316FDCFA39411CA2CEA /* main.m */; };
		1D60589F0D05DD5A006BFB54 /* Foundation.framework in Frameworks */ = {isa = PBXBuildFile; fileRef = 1D30AB110D05D00D00671497 /* Foundation.framework */; };
		1DF5F4E00D08C38300B7A737 /* UIKit.framework in Frameworks */ = {isa = PBXBuildFile; fileRef = 1DF5F4DF0D08C38300B7A737 /* UIKit.framework */; };
		2110AE7213EE70250002644B /* chooiceRoom.m in Sources */ = {isa = PBXBuildFile; fileRef = 2110AE7113EE70250002644B /* chooiceRoom.m */; };
		2110AE7613EE70460002644B /* chooiceRoom.xib in Resources */ = {isa = PBXBuildFile; fileRef = 2110AE7513EE70460002644B /* chooiceRoom.xib */; };
		2110AF0C13EE78090002644B /* chat.m in Sources */ = {isa = PBXBuildFile; fileRef = 2110AF0B13EE78090002644B /* chat.m */; };
		2110AF1013EE78330002644B /* chat.xib in Resources */ = {isa = PBXBuildFile; fileRef = 2110AF0F13EE78330002644B /* chat.xib */; };
		2110AF2E13EE79790002644B /* DialogView.m in Sources */ = {isa = PBXBuildFile; fileRef = 2110AF2D13EE79790002644B /* DialogView.m */; };
		2141FDFB13EBEB58000029C9 /* PhotonDemo.m in Sources */ = {isa = PBXBuildFile; fileRef = 2141FDF813EBEB58000029C9 /* PhotonDemo.m */; };
		2141FDFC13EBEB58000029C9 /* PhotonListener.m in Sources */ = {isa = PBXBuildFile; fileRef = 2141FDFA13EBEB58000029C9 /* PhotonListener.m */; };
		288765FD0DF74451002DB57D /* CoreGraphics.framework in Frameworks */ = {isa = PBXBuildFile; fileRef = 288765FC0DF74451002DB57D /* CoreGraphics.framework */; };
		28AD733F0D9D9553002E5188 /* MainWindow.xib in Resources */ = {isa = PBXBuildFile; fileRef = 28AD733E0D9D9553002E5188 /* MainWindow.xib */; };
/* End PBXBuildFile section */

/* Begin PBXFileReference section */
		1D30AB110D05D00D00671497 /* Foundation.framework */ = {isa = PBXFileReference; lastKnownFileType = wrapper.framework; name = Foundation.framework; path = System/Library/Frameworks/Foundation.framework; sourceTree = SDKROOT; };
		1D3623240D0F684500981E51 /* chatRoomAppDelegate.h */ = {isa = PBXFileReference; fileEncoding = 4; lastKnownFileType = sourcecode.c.h; path = chatRoomAppDelegate.h; sourceTree = "<group>"; };
		1D3623250D0F684500981E51 /* chatRoomAppDelegate.m */ = {isa = PBXFileReference; fileEncoding = 4; lastKnownFileType = sourcecode.c.objc; path = chatRoomAppDelegate.m; sourceTree = "<group>"; };
		1D6058910D05DD3D006BFB54 /* chatRoom.app */ = {isa = PBXFileReference; explicitFileType = wrapper.application; includeInIndex = 0; path = chatRoom.app; sourceTree = BUILT_PRODUCTS_DIR; };
		1DF5F4DF0D08C38300B7A737 /* UIKit.framework */ = {isa = PBXFileReference; lastKnownFileType = wrapper.framework; name = UIKit.framework; path = System/Library/Frameworks/UIKit.framework; sourceTree = SDKROOT; };
		2110AE7013EE70250002644B /* chooiceRoom.h */ = {isa = PBXFileReference; fileEncoding = 4; lastKnownFileType = sourcecode.c.h; path = chooiceRoom.h; sourceTree = "<group>"; };
		2110AE7113EE70250002644B /* chooiceRoom.m */ = {isa = PBXFileReference; fileEncoding = 4; lastKnownFileType = sourcecode.c.objc; path = chooiceRoom.m; sourceTree = "<group>"; };
		2110AE7513EE70460002644B /* chooiceRoom.xib */ = {isa = PBXFileReference; lastKnownFileType = file.xib; path = chooiceRoom.xib; sourceTree = "<group>"; };
		2110AF0A13EE78090002644B /* chat.h */ = {isa = PBXFileReference; fileEncoding = 4; lastKnownFileType = sourcecode.c.h; path = chat.h; sourceTree = "<group>"; };
		2110AF0B13EE78090002644B /* chat.m */ = {isa = PBXFileReference; fileEncoding = 4; lastKnownFileType = sourcecode.c.objc; path = chat.m; sourceTree = "<group>"; };
		2110AF0F13EE78330002644B /* chat.xib */ = {isa = PBXFileReference; lastKnownFileType = file.xib; path = chat.xib; sourceTree = "<group>"; };
		2110AF2C13EE79790002644B /* DialogView.h */ = {isa = PBXFileReference; fileEncoding = 4; lastKnownFileType = sourcecode.c.h; path = DialogView.h; sourceTree = "<group>"; };
		2110AF2D13EE79790002644B /* DialogView.m */ = {isa = PBXFileReference; fileEncoding = 4; lastKnownFileType = sourcecode.c.objc; path = DialogView.m; sourceTree = "<group>"; };
		2141FDF713EBEB58000029C9 /* PhotonDemo.h */ = {isa = PBXFileReference; fileEncoding = 4; lastKnownFileType = sourcecode.c.h; path = PhotonDemo.h; sourceTree = "<group>"; };
		2141FDF813EBEB58000029C9 /* PhotonDemo.m */ = {isa = PBXFileReference; fileEncoding = 4; lastKnownFileType = sourcecode.c.objc; path = PhotonDemo.m; sourceTree = "<group>"; };
		2141FDF913EBEB58000029C9 /* PhotonListener.h */ = {isa = PBXFileReference; fileEncoding = 4; lastKnownFileType = sourcecode.c.h; path = PhotonListener.h; sourceTree = "<group>"; };
		2141FDFA13EBEB58000029C9 /* PhotonListener.m */ = {isa = PBXFileReference; fileEncoding = 4; lastKnownFileType = sourcecode.c.objc; path = PhotonListener.m; sourceTree = "<group>"; };
		288765FC0DF74451002DB57D /* CoreGraphics.framework */ = {isa = PBXFileReference; lastKnownFileType = wrapper.framework; name = CoreGraphics.framework; path = System/Library/Frameworks/CoreGraphics.framework; sourceTree = SDKROOT; };
		28AD733E0D9D9553002E5188 /* MainWindow.xib */ = {isa = PBXFileReference; lastKnownFileType = file.xib; path = MainWindow.xib; sourceTree = "<group>"; };
		29B97316FDCFA39411CA2CEA /* main.m */ = {isa = PBXFileReference; fileEncoding = 4; lastKnownFileType = sourcecode.c.objc; path = main.m; sourceTree = "<group>"; };
		32CA4F630368D1EE00C91783 /* chatRoom_Prefix.pch */ = {isa = PBXFileReference; fileEncoding = 4; lastKnownFileType = sourcecode.c.h; path = chatRoom_Prefix.pch; sourceTree = "<group>"; };
		8D1107310486CEB800E47090 /* chatRoom-Info.plist */ = {isa = PBXFileReference; fileEncoding = 4; lastKnownFileType = text.plist.xml; path = "chatRoom-Info.plist"; plistStructureDefinitionIdentifier = "com.apple.xcode.plist.structure-definition.iphone.info-plist"; sourceTree = "<group>"; };
/* End PBXFileReference section */

/* Begin PBXFrameworksBuildPhase section */
		1D60588F0D05DD3D006BFB54 /* Frameworks */ = {
			isa = PBXFrameworksBuildPhase;
			buildActionMask = 2147483647;
			files = (
				1D60589F0D05DD5A006BFB54 /* Foundation.framework in Frameworks */,
				1DF5F4E00D08C38300B7A737 /* UIKit.framework in Frameworks */,
				288765FD0DF74451002DB57D /* CoreGraphics.framework in Frameworks */,
			);
			runOnlyForDeploymentPostprocessing = 0;
		};
/* End PBXFrameworksBuildPhase section */

/* Begin PBXGroup section */
		080E96DDFE201D6D7F000001 /* Classes */ = {
			isa = PBXGroup;
			children = (
				2110AF2C13EE79790002644B /* DialogView.h */,
				2110AF2D13EE79790002644B /* DialogView.m */,
				1D3623240D0F684500981E51 /* chatRoomAppDelegate.h */,
				1D3623250D0F684500981E51 /* chatRoomAppDelegate.m */,
				2141FDF713EBEB58000029C9 /* PhotonDemo.h */,
				2141FDF813EBEB58000029C9 /* PhotonDemo.m */,
				2141FDF913EBEB58000029C9 /* PhotonListener.h */,
				2141FDFA13EBEB58000029C9 /* PhotonListener.m */,
				2110AE7013EE70250002644B /* chooiceRoom.h */,
				2110AE7113EE70250002644B /* chooiceRoom.m */,
				2110AE7513EE70460002644B /* chooiceRoom.xib */,
				2110AF0A13EE78090002644B /* chat.h */,
				2110AF0B13EE78090002644B /* chat.m */,
				2110AF0F13EE78330002644B /* chat.xib */,
			);
			path = Classes;
			sourceTree = "<group>";
		};
		19C28FACFE9D520D11CA2CBB /* Products */ = {
			isa = PBXGroup;
			children = (
				1D6058910D05DD3D006BFB54 /* chatRoom.app */,
			);
			name = Products;
			sourceTree = "<group>";
		};
		29B97314FDCFA39411CA2CEA /* CustomTemplate */ = {
			isa = PBXGroup;
			children = (
				080E96DDFE201D6D7F000001 /* Classes */,
				29B97315FDCFA39411CA2CEA /* Other Sources */,
				29B97317FDCFA39411CA2CEA /* Resources */,
				29B97323FDCFA39411CA2CEA /* Frameworks */,
				19C28FACFE9D520D11CA2CBB /* Products */,
			);
			name = CustomTemplate;
			sourceTree = "<group>";
		};
		29B97315FDCFA39411CA2CEA /* Other Sources */ = {
			isa = PBXGroup;
			children = (
				32CA4F630368D1EE00C91783 /* chatRoom_Prefix.pch */,
				29B97316FDCFA39411CA2CEA /* main.m */,
			);
			name = "Other Sources";
			sourceTree = "<group>";
		};
		29B97317FDCFA39411CA2CEA /* Resources */ = {
			isa = PBXGroup;
			children = (
				28AD733E0D9D9553002E5188 /* MainWindow.xib */,
				8D1107310486CEB800E47090 /* chatRoom-Info.plist */,
			);
			name = Resources;
			sourceTree = "<group>";
		};
		29B97323FDCFA39411CA2CEA /* Frameworks */ = {
			isa = PBXGroup;
			children = (
				1DF5F4DF0D08C38300B7A737 /* UIKit.framework */,
				1D30AB110D05D00D00671497 /* Foundation.framework */,
				288765FC0DF74451002DB57D /* CoreGraphics.framework */,
			);
			name = Frameworks;
			sourceTree = "<group>";
		};
/* End PBXGroup section */

/* Begin PBXNativeTarget section */
		1D6058900D05DD3D006BFB54 /* chatRoom */ = {
			isa = PBXNativeTarget;
			buildConfigurationList = 1D6058960D05DD3E006BFB54 /* Build configuration list for PBXNativeTarget "chatRoom" */;
			buildPhases = (
				1D60588D0D05DD3D006BFB54 /* Resources */,
				1D60588E0D05DD3D006BFB54 /* Sources */,
				1D60588F0D05DD3D006BFB54 /* Frameworks */,
			);
			buildRules = (
			);
			dependencies = (
			);
			name = chatRoom;
			productName = chatRoom;
			productReference = 1D6058910D05DD3D006BFB54 /* chatRoom.app */;
			productType = "com.apple.product-type.application";
		};
/* End PBXNativeTarget section */

/* Begin PBXProject section */
		29B97313FDCFA39411CA2CEA /* Project object */ = {
			isa = PBXProject;
			attributes = {
				ORGANIZATIONNAME = The9;
			};
			buildConfigurationList = C01FCF4E08A954540054247B /* Build configuration list for PBXProject "chatRoom" */;
			compatibilityVersion = "Xcode 3.2";
			developmentRegion = English;
			hasScannedForEncodings = 1;
			knownRegions = (
				English,
				Japanese,
				French,
				German,
			);
			mainGroup = 29B97314FDCFA39411CA2CEA /* CustomTemplate */;
			projectDirPath = "";
			projectRoot = "";
			targets = (
				1D6058900D05DD3D006BFB54 /* chatRoom */,
			);
		};
/* End PBXProject section */

/* Begin PBXResourcesBuildPhase section */
		1D60588D0D05DD3D006BFB54 /* Resources */ = {
			isa = PBXResourcesBuildPhase;
			buildActionMask = 2147483647;
			files = (
				28AD733F0D9D9553002E5188 /* MainWindow.xib in Resources */,
				2110AE7613EE70460002644B /* chooiceRoom.xib in Resources */,
				2110AF1013EE78330002644B /* chat.xib in Resources */,
			);
			runOnlyForDeploymentPostprocessing = 0;
		};
/* End PBXResourcesBuildPhase section */

/* Begin PBXSourcesBuildPhase section */
		1D60588E0D05DD3D006BFB54 /* Sources */ = {
			isa = PBXSourcesBuildPhase;
			buildActionMask = 2147483647;
			files = (
				1D60589B0D05DD56006BFB54 /* main.m in Sources */,
				1D3623260D0F684500981E51 /* chatRoomAppDelegate.m in Sources */,
				2141FDFB13EBEB58000029C9 /* PhotonDemo.m in Sources */,
				2141FDFC13EBEB58000029C9 /* PhotonListener.m in Sources */,
				2110AE7213EE70250002644B /* chooiceRoom.m in Sources */,
				2110AF0C13EE78090002644B /* chat.m in Sources */,
				2110AF2E13EE79790002644B /* DialogView.m in Sources */,
			);
			runOnlyForDeploymentPostprocessing = 0;
		};
/* End PBXSourcesBuildPhase section */

/* Begin XCBuildConfiguration section */
		1D6058940D05DD3E006BFB54 /* debug */ = {
			isa = XCBuildConfiguration;
			buildSettings = {
				ALWAYS_SEARCH_USER_PATHS = NO;
				APPLY_RULES_IN_COPY_FILES = YES;
				COPY_PHASE_STRIP = NO;
				DEAD_CODE_STRIPPING = NO;
				GCC_DYNAMIC_NO_PIC = NO;
				GCC_OPTIMIZATION_LEVEL = 0;
				GCC_PRECOMPILE_PREFIX_HEADER = YES;
				GCC_PREFIX_HEADER = chatRoom_Prefix.pch;
				GCC_THUMB_SUPPORT = NO;
				GCC_WARN_ABOUT_MISSING_PROTOTYPES = YES;
				INFOPLIST_FILE = "chatRoom-Info.plist";
				MACOSX_DEPLOYMENT_TARGET = "";
				OTHER_LDFLAGS = (
					"-all_load",
					"-force_load",
					"../../Common-objc/lib/libCommon-objc_$(CONFIGURATION)_$(PLATFORM_NAME).a",
					"-lCommon-objc_$(CONFIGURATION)_$(PLATFORM_NAME)",
					"-lPhoton-objc_$(CONFIGURATION)_$(PLATFORM_NAME)",
				);
				PREBINDING = YES;
				PRODUCT_NAME = chatRoom;
			};
			name = debug;
		};
		1D6058950D05DD3E006BFB54 /* release */ = {
			isa = XCBuildConfiguration;
			buildSettings = {
				ALWAYS_SEARCH_USER_PATHS = NO;
				COPY_PHASE_STRIP = YES;
				GCC_PRECOMPILE_PREFIX_HEADER = YES;
				GCC_PREFIX_HEADER = chatRoom_Prefix.pch;
				INFOPLIST_FILE = "chatRoom-Info.plist";
				PRODUCT_NAME = chatRoom;
				VALIDATE_PRODUCT = YES;
			};
			name = release;
		};
		C01FCF4F08A954540054247B /* debug */ = {
			isa = XCBuildConfiguration;
			buildSettings = {
				ALWAYS_SEARCH_USER_PATHS = NO;
				ARCHS = "$(ARCHS_STANDARD_32_BIT)";
				"CODE_SIGN_IDENTITY[sdk=iphoneos*]" = "iPhone Developer: Yi Yang (3P2MDK6FQX)";
				GCC_C_LANGUAGE_STANDARD = c99;
				GCC_OPTIMIZATION_LEVEL = 0;
				GCC_PREPROCESSOR_DEFINITIONS = _EG_IPHONE_PLATFORM;
				GCC_WARN_ABOUT_RETURN_TYPE = YES;
				GCC_WARN_UNUSED_VARIABLE = YES;
				GENERATE_PKGINFO_FILE = YES;
				HEADER_SEARCH_PATHS = (
					"../../Common-c/inc/**",
					"../../Common-objc/inc/**",
					"../../Photon-objc/inc/**",
					"../../Photon-c/inc/**",
				);
				LIBRARY_SEARCH_PATHS = (
					"../../Common-objc/lib/**",
					"../../Photon-objc/lib/**",
				);
				MACH_O_TYPE = mh_execute;
				OTHER_LDFLAGS = "";
				PREBINDING = YES;
				"PROVISIONING_PROFILE[sdk=iphoneos*]" = "F6D028C1-B9BA-4EDA-8119-12AD844EE3B5";
				SDKROOT = iphoneos;
			};
			name = debug;
		};
		C01FCF5008A954540054247B /* release */ = {
			isa = XCBuildConfiguration;
			buildSettings = {
				ARCHS = "$(ARCHS_STANDARD_32_BIT)";
				"CODE_SIGN_IDENTITY[sdk=iphoneos*]" = "iPhone Developer";
				GCC_C_LANGUAGE_STANDARD = c99;
				GCC_WARN_ABOUT_RETURN_TYPE = YES;
				GCC_WARN_UNUSED_VARIABLE = YES;
				OTHER_CFLAGS = "-DNS_BLOCK_ASSERTIONS=1";
				PREBINDING = NO;
				SDKROOT = iphoneos4.0;
			};
			name = release;
		};
/* End XCBuildConfiguration section */

/* Begin XCConfigurationList section */
		1D6058960D05DD3E006BFB54 /* Build configuration list for PBXNativeTarget "chatRoom" */ = {
			isa = XCConfigurationList;
			buildConfigurations = (
				1D6058940D05DD3E006BFB54 /* debug */,
				1D6058950D05DD3E006BFB54 /* release */,
			);
			defaultConfigurationIsVisible = 0;
			defaultConfigurationName = release;
		};
		C01FCF4E08A954540054247B /* Build configuration list for PBXProject "chatRoom" */ = {
			isa = XCConfigurationList;
			buildConfigurations = (
				C01FCF4F08A954540054247B /* debug */,
				C01FCF5008A954540054247B /* release */,
			);
			defaultConfigurationIsVisible = 0;
			defaultConfigurationName = release;
		};
/* End XCConfigurationList section */
	};
	rootObject = 29B97313FDCFA39411CA2CEA /* Project object */;
}
